# -------------------------------------------------------------------------- #
#
# Copyright (C) 2020  Intel Corporation. All rights reserved.
# Your use of Intel Corporation's design tools, logic functions 
# and other software and tools, and any partner logic 
# functions, and any output files from any of the foregoing 
# (including device programming or simulation files), and any 
# associated documentation or information are expressly subject 
# to the terms and conditions of the Intel Program License 
# Subscription Agreement, the Intel Quartus Prime License Agreement,
# the Intel FPGA IP License Agreement, or other applicable license
# agreement, including, without limitation, that your use is for
# the sole purpose of programming logic devices manufactured by
# Intel and sold by Intel or its authorized distributors.  Please
# refer to the applicable agreement for further details, at
# https://fpgasoftware.intel.com/eula.
#
# -------------------------------------------------------------------------- #
#
# Quartus Prime
# Version 20.1.1 Build 720 11/11/2020 SJ Lite Edition
# Date created = 15:03:40  November 02, 2025
#
# -------------------------------------------------------------------------- #
#
# Notes:
#
# 1) The default values for assignments are stored in the file:
#		proyecto-disenod_assignment_defaults.qdf
#    If this file doesn't exist, see file:
#		assignment_defaults.qdf
#
# 2) Altera recommends that you do not modify this file. This
#    file is updated automatically by the Quartus Prime software
#    and any changes you make may be lost or overwritten.
#
# -------------------------------------------------------------------------- #


set_global_assignment -name FAMILY "Cyclone V"
set_global_assignment -name DEVICE 5CSXFC6D6F31C6
set_global_assignment -name TOP_LEVEL_ENTITY top_fpga
set_global_assignment -name ORIGINAL_QUARTUS_VERSION 20.1.1
set_global_assignment -name PROJECT_CREATION_TIME_DATE "15:03:40  NOVEMBER 02, 2025"
set_global_assignment -name LAST_QUARTUS_VERSION "20.1.1 Lite Edition"
set_global_assignment -name PROJECT_OUTPUT_DIRECTORY output_files
set_location_assignment PIN_AF14 -to CLOCK_50
set_location_assignment PIN_AJ4 -to KEY[0]
set_location_assignment PIN_AC22 -to LEDR[9]
set_location_assignment PIN_AB22 -to LEDR[8]
set_location_assignment PIN_AF24 -to LEDR[7]
set_location_assignment PIN_AE24 -to LEDR[6]
set_location_assignment PIN_AF25 -to LEDR[5]
set_location_assignment PIN_AG25 -to LEDR[4]
set_location_assignment PIN_AD24 -to LEDR[3]
set_location_assignment PIN_AC23 -to LEDR[2]
set_location_assignment PIN_AB23 -to LEDR[1]
set_location_assignment PIN_AA24 -to LEDR[0]
set_global_assignment -name MIN_CORE_JUNCTION_TEMP 0
set_global_assignment -name MAX_CORE_JUNCTION_TEMP 85
set_global_assignment -name POWER_PRESET_COOLING_SOLUTION "23 MM HEAT SINK WITH 200 LFPM AIRFLOW"
set_global_assignment -name POWER_BOARD_THERMAL_MODEL "NONE (CONSERVATIVE)"
set_global_assignment -name EDA_SIMULATION_TOOL "ModelSim-Altera (Verilog)"
set_global_assignment -name EDA_TIME_SCALE "1 ps" -section_id eda_simulation
set_global_assignment -name EDA_OUTPUT_DATA_FORMAT "VERILOG HDL" -section_id eda_simulation
set_global_assignment -name IP_SEARCH_PATHS "c:\\intelfpga_lite\\20.1\\ip\\altera\\sld\\core\\altera_instrumentation_fabric"
set_global_assignment -name ENABLE_SIGNALTAP ON
set_global_assignment -name USE_SIGNALTAP_FILE output_files/fase3_key_vga.stp
set_global_assignment -name SLD_NODE_CREATOR_ID 110 -section_id auto_signaltap_0
set_global_assignment -name SLD_NODE_ENTITY_NAME sld_signaltap -section_id auto_signaltap_0
set_instance_assignment -name CONNECT_TO_SLD_NODE_ENTITY_PORT acq_clk -to CLOCK_50 -section_id auto_signaltap_0
set_global_assignment -name SLD_NODE_PARAMETER_ASSIGNMENT "SLD_RAM_BLOCK_TYPE=AUTO" -section_id auto_signaltap_0
set_global_assignment -name SLD_NODE_PARAMETER_ASSIGNMENT "SLD_NODE_INFO=805334528" -section_id auto_signaltap_0
set_global_assignment -name SLD_NODE_PARAMETER_ASSIGNMENT "SLD_POWER_UP_TRIGGER=0" -section_id auto_signaltap_0
set_global_assignment -name SLD_NODE_PARAMETER_ASSIGNMENT "SLD_STORAGE_QUALIFIER_INVERSION_MASK_LENGTH=0" -section_id auto_signaltap_0
set_global_assignment -name SLD_NODE_PARAMETER_ASSIGNMENT "SLD_ATTRIBUTE_MEM_MODE=OFF" -section_id auto_signaltap_0
set_global_assignment -name SLD_NODE_PARAMETER_ASSIGNMENT "SLD_STATE_FLOW_USE_GENERATED=0" -section_id auto_signaltap_0
set_global_assignment -name SLD_NODE_PARAMETER_ASSIGNMENT "SLD_STATE_BITS=11" -section_id auto_signaltap_0
set_global_assignment -name SLD_NODE_PARAMETER_ASSIGNMENT "SLD_BUFFER_FULL_STOP=1" -section_id auto_signaltap_0
set_global_assignment -name SLD_NODE_PARAMETER_ASSIGNMENT "SLD_CURRENT_RESOURCE_WIDTH=1" -section_id auto_signaltap_0
set_global_assignment -name SLD_NODE_PARAMETER_ASSIGNMENT "SLD_INCREMENTAL_ROUTING=1" -section_id auto_signaltap_0
set_global_assignment -name SLD_NODE_PARAMETER_ASSIGNMENT "SLD_TRIGGER_LEVEL=1" -section_id auto_signaltap_0
set_global_assignment -name SLD_NODE_PARAMETER_ASSIGNMENT "SLD_TRIGGER_IN_ENABLED=0" -section_id auto_signaltap_0
set_global_assignment -name SLD_NODE_PARAMETER_ASSIGNMENT "SLD_TRIGGER_PIPELINE=0" -section_id auto_signaltap_0
set_global_assignment -name SLD_NODE_PARAMETER_ASSIGNMENT "SLD_COUNTER_PIPELINE=0" -section_id auto_signaltap_0
set_global_assignment -name SLD_NODE_PARAMETER_ASSIGNMENT "SLD_ADVANCED_TRIGGER_ENTITY=basic,1," -section_id auto_signaltap_0
set_global_assignment -name SLD_NODE_PARAMETER_ASSIGNMENT "SLD_TRIGGER_LEVEL_PIPELINE=1" -section_id auto_signaltap_0
set_global_assignment -name SLD_NODE_PARAMETER_ASSIGNMENT "SLD_ENABLE_ADVANCED_TRIGGER=0" -section_id auto_signaltap_0
set_location_assignment PIN_AK16 -to VGA_B[7]
set_location_assignment PIN_AJ16 -to VGA_B[6]
set_location_assignment PIN_AJ17 -to VGA_B[5]
set_location_assignment PIN_AH19 -to VGA_B[4]
set_location_assignment PIN_AJ19 -to VGA_B[3]
set_location_assignment PIN_AH20 -to VGA_B[2]
set_location_assignment PIN_AJ20 -to VGA_B[1]
set_location_assignment PIN_AJ21 -to VGA_B[0]
set_location_assignment PIN_AK22 -to VGA_BLANK_N
set_location_assignment PIN_AK21 -to VGA_CLK
set_location_assignment PIN_AH23 -to VGA_G[7]
set_location_assignment PIN_AK23 -to VGA_G[6]
set_location_assignment PIN_AH24 -to VGA_G[5]
set_location_assignment PIN_AJ24 -to VGA_G[4]
set_location_assignment PIN_AK24 -to VGA_G[3]
set_location_assignment PIN_AH25 -to VGA_G[2]
set_location_assignment PIN_AJ25 -to VGA_G[1]
set_location_assignment PIN_AK26 -to VGA_G[0]
set_location_assignment PIN_AK19 -to VGA_HS
set_location_assignment PIN_AJ26 -to VGA_R[7]
set_location_assignment PIN_AG26 -to VGA_R[6]
set_location_assignment PIN_AF26 -to VGA_R[5]
set_location_assignment PIN_AH27 -to VGA_R[4]
set_location_assignment PIN_AJ27 -to VGA_R[3]
set_location_assignment PIN_AK27 -to VGA_R[2]
set_location_assignment PIN_AK28 -to VGA_R[1]
set_location_assignment PIN_AK29 -to VGA_R[0]
set_location_assignment PIN_AJ22 -to VGA_SYNC_N
set_location_assignment PIN_AK18 -to VGA_VS
set_instance_assignment -name POST_FIT_CONNECT_TO_SLD_NODE_ENTITY_PORT crc[18] -to auto_signaltap_0|vcc -section_id auto_signaltap_0
set_global_assignment -name MIF_FILE font_8x16.mif
set_global_assignment -name HEX_FILE font_8x16.hex
set_global_assignment -name SYSTEMVERILOG_FILE font_rom.sv
set_global_assignment -name SYSTEMVERILOG_FILE vga_renderer.sv
set_global_assignment -name SYSTEMVERILOG_FILE top_vga_test.sv
set_global_assignment -name SYSTEMVERILOG_FILE vga_timing.sv
set_global_assignment -name SYSTEMVERILOG_FILE vga_test_pattern.sv
set_global_assignment -name MIF_FILE rom_data.mif
set_global_assignment -name MIF_FILE ram_data.mif
set_global_assignment -name SYSTEMVERILOG_FILE ps2_sync.sv
set_global_assignment -name SYSTEMVERILOG_FILE ps2_receiver.sv
set_global_assignment -name SYSTEMVERILOG_FILE ps2_display_controller.sv
set_global_assignment -name SYSTEMVERILOG_FILE top_ps2_test.sv
set_global_assignment -name SYSTEMVERILOG_FILE mem_system.sv
set_global_assignment -name SYSTEMVERILOG_FILE pc_reg.sv
set_global_assignment -name SYSTEMVERILOG_FILE regfile.sv
set_global_assignment -name SYSTEMVERILOG_FILE barrel_shifter.sv
set_global_assignment -name SYSTEMVERILOG_FILE alu.sv
set_global_assignment -name SYSTEMVERILOG_FILE decoder.sv
set_global_assignment -name SYSTEMVERILOG_FILE cond_check.sv
set_global_assignment -name SYSTEMVERILOG_FILE control_unit.sv
set_global_assignment -name SYSTEMVERILOG_FILE cpu_top.sv
set_global_assignment -name SYSTEMVERILOG_FILE cpsr_flags.sv
set_global_assignment -name QIP_FILE rom_module.qip
set_global_assignment -name SYSTEMVERILOG_FILE top_fpga.sv
set_global_assignment -name QIP_FILE ram_module.qip
set_global_assignment -name SIGNALTAP_FILE output_files/fase1.stp
set_global_assignment -name QIP_FILE vram_2puertos.qip
set_global_assignment -name SIGNALTAP_FILE output_files/fase2_vramwiring.stp
set_global_assignment -name SIGNALTAP_FILE output_files/fase2_vramdebug.stp
set_global_assignment -name TEXT_FILE output_files/fase2_vramdebug_auto_signaltap_0.txt
set_global_assignment -name SIGNALTAP_FILE output_files/fase2_debugVGA.stp
set_global_assignment -name SIGNALTAP_FILE output_files/fase2_debugVGAoffset.stp
set_instance_assignment -name POST_FIT_CONNECT_TO_SLD_NODE_ENTITY_PORT crc[8] -to auto_signaltap_0|gnd -section_id auto_signaltap_0
set_instance_assignment -name POST_FIT_CONNECT_TO_SLD_NODE_ENTITY_PORT crc[27] -to auto_signaltap_0|gnd -section_id auto_signaltap_0
set_instance_assignment -name POST_FIT_CONNECT_TO_SLD_NODE_ENTITY_PORT crc[4] -to auto_signaltap_0|gnd -section_id auto_signaltap_0
set_instance_assignment -name POST_FIT_CONNECT_TO_SLD_NODE_ENTITY_PORT crc[25] -to auto_signaltap_0|vcc -section_id auto_signaltap_0
set_global_assignment -name TEXT_FILE output_files/fase2_debugVGAoffset_auto_signaltap_0.txt
set_location_assignment PIN_AB25 -to PS2_CLK
set_location_assignment PIN_AA25 -to PS2_DAT
set_global_assignment -name PARTITION_NETLIST_TYPE SOURCE -section_id Top
set_global_assignment -name PARTITION_FITTER_PRESERVATION_LEVEL PLACEMENT_AND_ROUTING -section_id Top
set_global_assignment -name PARTITION_COLOR 16764057 -section_id Top
set_global_assignment -name SIGNALTAP_FILE db/fase3_ps2_integration_debug.stp
set_instance_assignment -name POST_FIT_CONNECT_TO_SLD_NODE_ENTITY_PORT crc[3] -to auto_signaltap_0|gnd -section_id auto_signaltap_0
set_instance_assignment -name POST_FIT_CONNECT_TO_SLD_NODE_ENTITY_PORT crc[7] -to auto_signaltap_0|gnd -section_id auto_signaltap_0
set_instance_assignment -name POST_FIT_CONNECT_TO_SLD_NODE_ENTITY_PORT crc[16] -to auto_signaltap_0|gnd -section_id auto_signaltap_0
set_global_assignment -name TEXT_FILE output_files/fase3_ps2_integration_debug_auto_signaltap_0.txt
set_instance_assignment -name POST_FIT_CONNECT_TO_SLD_NODE_ENTITY_PORT crc[15] -to auto_signaltap_0|gnd -section_id auto_signaltap_0
set_instance_assignment -name POST_FIT_CONNECT_TO_SLD_NODE_ENTITY_PORT crc[10] -to auto_signaltap_0|gnd -section_id auto_signaltap_0
set_instance_assignment -name POST_FIT_CONNECT_TO_SLD_NODE_ENTITY_PORT crc[11] -to auto_signaltap_0|gnd -section_id auto_signaltap_0
set_instance_assignment -name POST_FIT_CONNECT_TO_SLD_NODE_ENTITY_PORT crc[0] -to auto_signaltap_0|vcc -section_id auto_signaltap_0
set_instance_assignment -name POST_FIT_CONNECT_TO_SLD_NODE_ENTITY_PORT crc[1] -to auto_signaltap_0|gnd -section_id auto_signaltap_0
set_instance_assignment -name POST_FIT_CONNECT_TO_SLD_NODE_ENTITY_PORT crc[2] -to auto_signaltap_0|vcc -section_id auto_signaltap_0
set_instance_assignment -name POST_FIT_CONNECT_TO_SLD_NODE_ENTITY_PORT crc[20] -to auto_signaltap_0|gnd -section_id auto_signaltap_0
set_instance_assignment -name POST_FIT_CONNECT_TO_SLD_NODE_ENTITY_PORT crc[21] -to auto_signaltap_0|vcc -section_id auto_signaltap_0
set_instance_assignment -name POST_FIT_CONNECT_TO_SLD_NODE_ENTITY_PORT crc[22] -to auto_signaltap_0|gnd -section_id auto_signaltap_0
set_instance_assignment -name POST_FIT_CONNECT_TO_SLD_NODE_ENTITY_PORT crc[23] -to auto_signaltap_0|gnd -section_id auto_signaltap_0
set_global_assignment -name SIGNALTAP_FILE output_files/fase3_key_vga.stp
set_instance_assignment -name CONNECT_TO_SLD_NODE_ENTITY_PORT acq_trigger_in[0] -to "cpu_top:U_CPU|debug_pc[0]" -section_id auto_signaltap_0
set_instance_assignment -name CONNECT_TO_SLD_NODE_ENTITY_PORT acq_trigger_in[1] -to "cpu_top:U_CPU|debug_pc[10]" -section_id auto_signaltap_0
set_instance_assignment -name CONNECT_TO_SLD_NODE_ENTITY_PORT acq_trigger_in[2] -to "cpu_top:U_CPU|debug_pc[11]" -section_id auto_signaltap_0
set_instance_assignment -name CONNECT_TO_SLD_NODE_ENTITY_PORT acq_trigger_in[3] -to "cpu_top:U_CPU|debug_pc[12]" -section_id auto_signaltap_0
set_instance_assignment -name CONNECT_TO_SLD_NODE_ENTITY_PORT acq_trigger_in[4] -to "cpu_top:U_CPU|debug_pc[13]" -section_id auto_signaltap_0
set_instance_assignment -name CONNECT_TO_SLD_NODE_ENTITY_PORT acq_trigger_in[5] -to "cpu_top:U_CPU|debug_pc[14]" -section_id auto_signaltap_0
set_instance_assignment -name CONNECT_TO_SLD_NODE_ENTITY_PORT acq_trigger_in[6] -to "cpu_top:U_CPU|debug_pc[15]" -section_id auto_signaltap_0
set_instance_assignment -name CONNECT_TO_SLD_NODE_ENTITY_PORT acq_trigger_in[7] -to "cpu_top:U_CPU|debug_pc[16]" -section_id auto_signaltap_0
set_instance_assignment -name CONNECT_TO_SLD_NODE_ENTITY_PORT acq_trigger_in[8] -to "cpu_top:U_CPU|debug_pc[17]" -section_id auto_signaltap_0
set_instance_assignment -name CONNECT_TO_SLD_NODE_ENTITY_PORT acq_trigger_in[9] -to "cpu_top:U_CPU|debug_pc[18]" -section_id auto_signaltap_0
set_instance_assignment -name CONNECT_TO_SLD_NODE_ENTITY_PORT acq_trigger_in[10] -to "cpu_top:U_CPU|debug_pc[19]" -section_id auto_signaltap_0
set_instance_assignment -name CONNECT_TO_SLD_NODE_ENTITY_PORT acq_trigger_in[11] -to "cpu_top:U_CPU|debug_pc[1]" -section_id auto_signaltap_0
set_instance_assignment -name CONNECT_TO_SLD_NODE_ENTITY_PORT acq_trigger_in[12] -to "cpu_top:U_CPU|debug_pc[20]" -section_id auto_signaltap_0
set_instance_assignment -name CONNECT_TO_SLD_NODE_ENTITY_PORT acq_trigger_in[13] -to "cpu_top:U_CPU|debug_pc[21]" -section_id auto_signaltap_0
set_instance_assignment -name CONNECT_TO_SLD_NODE_ENTITY_PORT acq_trigger_in[14] -to "cpu_top:U_CPU|debug_pc[22]" -section_id auto_signaltap_0
set_instance_assignment -name CONNECT_TO_SLD_NODE_ENTITY_PORT acq_trigger_in[15] -to "cpu_top:U_CPU|debug_pc[23]" -section_id auto_signaltap_0
set_instance_assignment -name CONNECT_TO_SLD_NODE_ENTITY_PORT acq_trigger_in[16] -to "cpu_top:U_CPU|debug_pc[24]" -section_id auto_signaltap_0
set_instance_assignment -name CONNECT_TO_SLD_NODE_ENTITY_PORT acq_trigger_in[17] -to "cpu_top:U_CPU|debug_pc[25]" -section_id auto_signaltap_0
set_instance_assignment -name CONNECT_TO_SLD_NODE_ENTITY_PORT acq_trigger_in[18] -to "cpu_top:U_CPU|debug_pc[26]" -section_id auto_signaltap_0
set_instance_assignment -name CONNECT_TO_SLD_NODE_ENTITY_PORT acq_trigger_in[19] -to "cpu_top:U_CPU|debug_pc[27]" -section_id auto_signaltap_0
set_instance_assignment -name CONNECT_TO_SLD_NODE_ENTITY_PORT acq_trigger_in[20] -to "cpu_top:U_CPU|debug_pc[28]" -section_id auto_signaltap_0
set_instance_assignment -name CONNECT_TO_SLD_NODE_ENTITY_PORT acq_trigger_in[21] -to "cpu_top:U_CPU|debug_pc[29]" -section_id auto_signaltap_0
set_instance_assignment -name CONNECT_TO_SLD_NODE_ENTITY_PORT acq_trigger_in[22] -to "cpu_top:U_CPU|debug_pc[2]" -section_id auto_signaltap_0
set_instance_assignment -name CONNECT_TO_SLD_NODE_ENTITY_PORT acq_trigger_in[23] -to "cpu_top:U_CPU|debug_pc[30]" -section_id auto_signaltap_0
set_instance_assignment -name CONNECT_TO_SLD_NODE_ENTITY_PORT acq_trigger_in[24] -to "cpu_top:U_CPU|debug_pc[31]" -section_id auto_signaltap_0
set_instance_assignment -name CONNECT_TO_SLD_NODE_ENTITY_PORT acq_trigger_in[25] -to "cpu_top:U_CPU|debug_pc[3]" -section_id auto_signaltap_0
set_instance_assignment -name CONNECT_TO_SLD_NODE_ENTITY_PORT acq_trigger_in[26] -to "cpu_top:U_CPU|debug_pc[4]" -section_id auto_signaltap_0
set_instance_assignment -name CONNECT_TO_SLD_NODE_ENTITY_PORT acq_trigger_in[27] -to "cpu_top:U_CPU|debug_pc[5]" -section_id auto_signaltap_0
set_instance_assignment -name CONNECT_TO_SLD_NODE_ENTITY_PORT acq_trigger_in[28] -to "cpu_top:U_CPU|debug_pc[6]" -section_id auto_signaltap_0
set_instance_assignment -name CONNECT_TO_SLD_NODE_ENTITY_PORT acq_trigger_in[29] -to "cpu_top:U_CPU|debug_pc[7]" -section_id auto_signaltap_0
set_instance_assignment -name CONNECT_TO_SLD_NODE_ENTITY_PORT acq_trigger_in[30] -to "cpu_top:U_CPU|debug_pc[8]" -section_id auto_signaltap_0
set_instance_assignment -name CONNECT_TO_SLD_NODE_ENTITY_PORT acq_trigger_in[31] -to "cpu_top:U_CPU|debug_pc[9]" -section_id auto_signaltap_0
set_instance_assignment -name CONNECT_TO_SLD_NODE_ENTITY_PORT acq_trigger_in[32] -to "cpu_top:U_CPU|mem_system:U_MEM_DATA|MemWrite" -section_id auto_signaltap_0
set_instance_assignment -name CONNECT_TO_SLD_NODE_ENTITY_PORT acq_trigger_in[33] -to "cpu_top:U_CPU|mem_system:U_MEM_DATA|addr[0]" -section_id auto_signaltap_0
set_instance_assignment -name CONNECT_TO_SLD_NODE_ENTITY_PORT acq_trigger_in[34] -to "cpu_top:U_CPU|mem_system:U_MEM_DATA|addr[10]" -section_id auto_signaltap_0
set_instance_assignment -name CONNECT_TO_SLD_NODE_ENTITY_PORT acq_trigger_in[35] -to "cpu_top:U_CPU|mem_system:U_MEM_DATA|addr[11]" -section_id auto_signaltap_0
set_instance_assignment -name CONNECT_TO_SLD_NODE_ENTITY_PORT acq_trigger_in[36] -to "cpu_top:U_CPU|mem_system:U_MEM_DATA|addr[12]" -section_id auto_signaltap_0
set_instance_assignment -name CONNECT_TO_SLD_NODE_ENTITY_PORT acq_trigger_in[37] -to "cpu_top:U_CPU|mem_system:U_MEM_DATA|addr[13]" -section_id auto_signaltap_0
set_instance_assignment -name CONNECT_TO_SLD_NODE_ENTITY_PORT acq_trigger_in[38] -to "cpu_top:U_CPU|mem_system:U_MEM_DATA|addr[14]" -section_id auto_signaltap_0
set_instance_assignment -name CONNECT_TO_SLD_NODE_ENTITY_PORT acq_trigger_in[39] -to "cpu_top:U_CPU|mem_system:U_MEM_DATA|addr[15]" -section_id auto_signaltap_0
set_instance_assignment -name CONNECT_TO_SLD_NODE_ENTITY_PORT acq_trigger_in[40] -to "cpu_top:U_CPU|mem_system:U_MEM_DATA|addr[16]" -section_id auto_signaltap_0
set_instance_assignment -name CONNECT_TO_SLD_NODE_ENTITY_PORT acq_trigger_in[41] -to "cpu_top:U_CPU|mem_system:U_MEM_DATA|addr[17]" -section_id auto_signaltap_0
set_instance_assignment -name CONNECT_TO_SLD_NODE_ENTITY_PORT acq_trigger_in[42] -to "cpu_top:U_CPU|mem_system:U_MEM_DATA|addr[18]" -section_id auto_signaltap_0
set_instance_assignment -name CONNECT_TO_SLD_NODE_ENTITY_PORT acq_trigger_in[43] -to "cpu_top:U_CPU|mem_system:U_MEM_DATA|addr[19]" -section_id auto_signaltap_0
set_instance_assignment -name CONNECT_TO_SLD_NODE_ENTITY_PORT acq_trigger_in[44] -to "cpu_top:U_CPU|mem_system:U_MEM_DATA|addr[1]" -section_id auto_signaltap_0
set_instance_assignment -name CONNECT_TO_SLD_NODE_ENTITY_PORT acq_trigger_in[45] -to "cpu_top:U_CPU|mem_system:U_MEM_DATA|addr[20]" -section_id auto_signaltap_0
set_instance_assignment -name CONNECT_TO_SLD_NODE_ENTITY_PORT acq_trigger_in[46] -to "cpu_top:U_CPU|mem_system:U_MEM_DATA|addr[21]" -section_id auto_signaltap_0
set_instance_assignment -name CONNECT_TO_SLD_NODE_ENTITY_PORT acq_trigger_in[47] -to "cpu_top:U_CPU|mem_system:U_MEM_DATA|addr[22]" -section_id auto_signaltap_0
set_instance_assignment -name CONNECT_TO_SLD_NODE_ENTITY_PORT acq_trigger_in[48] -to "cpu_top:U_CPU|mem_system:U_MEM_DATA|addr[23]" -section_id auto_signaltap_0
set_instance_assignment -name CONNECT_TO_SLD_NODE_ENTITY_PORT acq_trigger_in[49] -to "cpu_top:U_CPU|mem_system:U_MEM_DATA|addr[24]" -section_id auto_signaltap_0
set_instance_assignment -name CONNECT_TO_SLD_NODE_ENTITY_PORT acq_trigger_in[50] -to "cpu_top:U_CPU|mem_system:U_MEM_DATA|addr[25]" -section_id auto_signaltap_0
set_instance_assignment -name CONNECT_TO_SLD_NODE_ENTITY_PORT acq_trigger_in[51] -to "cpu_top:U_CPU|mem_system:U_MEM_DATA|addr[26]" -section_id auto_signaltap_0
set_instance_assignment -name CONNECT_TO_SLD_NODE_ENTITY_PORT acq_trigger_in[52] -to "cpu_top:U_CPU|mem_system:U_MEM_DATA|addr[27]" -section_id auto_signaltap_0
set_instance_assignment -name CONNECT_TO_SLD_NODE_ENTITY_PORT acq_trigger_in[53] -to "cpu_top:U_CPU|mem_system:U_MEM_DATA|addr[28]" -section_id auto_signaltap_0
set_instance_assignment -name CONNECT_TO_SLD_NODE_ENTITY_PORT acq_trigger_in[54] -to "cpu_top:U_CPU|mem_system:U_MEM_DATA|addr[29]" -section_id auto_signaltap_0
set_instance_assignment -name CONNECT_TO_SLD_NODE_ENTITY_PORT acq_trigger_in[55] -to "cpu_top:U_CPU|mem_system:U_MEM_DATA|addr[2]" -section_id auto_signaltap_0
set_instance_assignment -name CONNECT_TO_SLD_NODE_ENTITY_PORT acq_trigger_in[56] -to "cpu_top:U_CPU|mem_system:U_MEM_DATA|addr[30]" -section_id auto_signaltap_0
set_instance_assignment -name CONNECT_TO_SLD_NODE_ENTITY_PORT acq_trigger_in[57] -to "cpu_top:U_CPU|mem_system:U_MEM_DATA|addr[31]" -section_id auto_signaltap_0
set_instance_assignment -name CONNECT_TO_SLD_NODE_ENTITY_PORT acq_trigger_in[58] -to "cpu_top:U_CPU|mem_system:U_MEM_DATA|addr[3]" -section_id auto_signaltap_0
set_instance_assignment -name CONNECT_TO_SLD_NODE_ENTITY_PORT acq_trigger_in[59] -to "cpu_top:U_CPU|mem_system:U_MEM_DATA|addr[4]" -section_id auto_signaltap_0
set_instance_assignment -name CONNECT_TO_SLD_NODE_ENTITY_PORT acq_trigger_in[60] -to "cpu_top:U_CPU|mem_system:U_MEM_DATA|addr[5]" -section_id auto_signaltap_0
set_instance_assignment -name CONNECT_TO_SLD_NODE_ENTITY_PORT acq_trigger_in[61] -to "cpu_top:U_CPU|mem_system:U_MEM_DATA|addr[6]" -section_id auto_signaltap_0
set_instance_assignment -name CONNECT_TO_SLD_NODE_ENTITY_PORT acq_trigger_in[62] -to "cpu_top:U_CPU|mem_system:U_MEM_DATA|addr[7]" -section_id auto_signaltap_0
set_instance_assignment -name CONNECT_TO_SLD_NODE_ENTITY_PORT acq_trigger_in[63] -to "cpu_top:U_CPU|mem_system:U_MEM_DATA|addr[8]" -section_id auto_signaltap_0
set_instance_assignment -name CONNECT_TO_SLD_NODE_ENTITY_PORT acq_trigger_in[64] -to "cpu_top:U_CPU|mem_system:U_MEM_DATA|addr[9]" -section_id auto_signaltap_0
set_instance_assignment -name CONNECT_TO_SLD_NODE_ENTITY_PORT acq_trigger_in[65] -to "cpu_top:U_CPU|mem_system:U_MEM_DATA|g_ps2.new_data_flag" -section_id auto_signaltap_0
set_instance_assignment -name CONNECT_TO_SLD_NODE_ENTITY_PORT acq_trigger_in[66] -to "cpu_top:U_CPU|mem_system:U_MEM_DATA|ps2_data_reg[0]" -section_id auto_signaltap_0
set_instance_assignment -name CONNECT_TO_SLD_NODE_ENTITY_PORT acq_trigger_in[67] -to "cpu_top:U_CPU|mem_system:U_MEM_DATA|ps2_data_reg[10]" -section_id auto_signaltap_0
set_instance_assignment -name CONNECT_TO_SLD_NODE_ENTITY_PORT acq_trigger_in[68] -to "cpu_top:U_CPU|mem_system:U_MEM_DATA|ps2_data_reg[11]" -section_id auto_signaltap_0
set_instance_assignment -name CONNECT_TO_SLD_NODE_ENTITY_PORT acq_trigger_in[69] -to "cpu_top:U_CPU|mem_system:U_MEM_DATA|ps2_data_reg[12]" -section_id auto_signaltap_0
set_instance_assignment -name CONNECT_TO_SLD_NODE_ENTITY_PORT acq_trigger_in[70] -to "cpu_top:U_CPU|mem_system:U_MEM_DATA|ps2_data_reg[13]" -section_id auto_signaltap_0
set_instance_assignment -name CONNECT_TO_SLD_NODE_ENTITY_PORT acq_trigger_in[71] -to "cpu_top:U_CPU|mem_system:U_MEM_DATA|ps2_data_reg[14]" -section_id auto_signaltap_0
set_instance_assignment -name CONNECT_TO_SLD_NODE_ENTITY_PORT acq_trigger_in[72] -to "cpu_top:U_CPU|mem_system:U_MEM_DATA|ps2_data_reg[15]" -section_id auto_signaltap_0
set_instance_assignment -name CONNECT_TO_SLD_NODE_ENTITY_PORT acq_trigger_in[73] -to "cpu_top:U_CPU|mem_system:U_MEM_DATA|ps2_data_reg[16]" -section_id auto_signaltap_0
set_instance_assignment -name CONNECT_TO_SLD_NODE_ENTITY_PORT acq_trigger_in[74] -to "cpu_top:U_CPU|mem_system:U_MEM_DATA|ps2_data_reg[17]" -section_id auto_signaltap_0
set_instance_assignment -name CONNECT_TO_SLD_NODE_ENTITY_PORT acq_trigger_in[75] -to "cpu_top:U_CPU|mem_system:U_MEM_DATA|ps2_data_reg[18]" -section_id auto_signaltap_0
set_instance_assignment -name CONNECT_TO_SLD_NODE_ENTITY_PORT acq_trigger_in[76] -to "cpu_top:U_CPU|mem_system:U_MEM_DATA|ps2_data_reg[19]" -section_id auto_signaltap_0
set_instance_assignment -name CONNECT_TO_SLD_NODE_ENTITY_PORT acq_trigger_in[77] -to "cpu_top:U_CPU|mem_system:U_MEM_DATA|ps2_data_reg[1]" -section_id auto_signaltap_0
set_instance_assignment -name CONNECT_TO_SLD_NODE_ENTITY_PORT acq_trigger_in[78] -to "cpu_top:U_CPU|mem_system:U_MEM_DATA|ps2_data_reg[20]" -section_id auto_signaltap_0
set_instance_assignment -name CONNECT_TO_SLD_NODE_ENTITY_PORT acq_trigger_in[79] -to "cpu_top:U_CPU|mem_system:U_MEM_DATA|ps2_data_reg[21]" -section_id auto_signaltap_0
set_instance_assignment -name CONNECT_TO_SLD_NODE_ENTITY_PORT acq_trigger_in[80] -to "cpu_top:U_CPU|mem_system:U_MEM_DATA|ps2_data_reg[22]" -section_id auto_signaltap_0
set_instance_assignment -name CONNECT_TO_SLD_NODE_ENTITY_PORT acq_trigger_in[81] -to "cpu_top:U_CPU|mem_system:U_MEM_DATA|ps2_data_reg[23]" -section_id auto_signaltap_0
set_instance_assignment -name CONNECT_TO_SLD_NODE_ENTITY_PORT acq_trigger_in[82] -to "cpu_top:U_CPU|mem_system:U_MEM_DATA|ps2_data_reg[24]" -section_id auto_signaltap_0
set_instance_assignment -name CONNECT_TO_SLD_NODE_ENTITY_PORT acq_trigger_in[83] -to "cpu_top:U_CPU|mem_system:U_MEM_DATA|ps2_data_reg[25]" -section_id auto_signaltap_0
set_instance_assignment -name CONNECT_TO_SLD_NODE_ENTITY_PORT acq_trigger_in[84] -to "cpu_top:U_CPU|mem_system:U_MEM_DATA|ps2_data_reg[26]" -section_id auto_signaltap_0
set_instance_assignment -name CONNECT_TO_SLD_NODE_ENTITY_PORT acq_trigger_in[85] -to "cpu_top:U_CPU|mem_system:U_MEM_DATA|ps2_data_reg[27]" -section_id auto_signaltap_0
set_instance_assignment -name CONNECT_TO_SLD_NODE_ENTITY_PORT acq_trigger_in[86] -to "cpu_top:U_CPU|mem_system:U_MEM_DATA|ps2_data_reg[28]" -section_id auto_signaltap_0
set_instance_assignment -name CONNECT_TO_SLD_NODE_ENTITY_PORT acq_trigger_in[87] -to "cpu_top:U_CPU|mem_system:U_MEM_DATA|ps2_data_reg[29]" -section_id auto_signaltap_0
set_instance_assignment -name CONNECT_TO_SLD_NODE_ENTITY_PORT acq_trigger_in[88] -to "cpu_top:U_CPU|mem_system:U_MEM_DATA|ps2_data_reg[2]" -section_id auto_signaltap_0
set_instance_assignment -name CONNECT_TO_SLD_NODE_ENTITY_PORT acq_trigger_in[89] -to "cpu_top:U_CPU|mem_system:U_MEM_DATA|ps2_data_reg[30]" -section_id auto_signaltap_0
set_instance_assignment -name CONNECT_TO_SLD_NODE_ENTITY_PORT acq_trigger_in[90] -to "cpu_top:U_CPU|mem_system:U_MEM_DATA|ps2_data_reg[31]" -section_id auto_signaltap_0
set_instance_assignment -name CONNECT_TO_SLD_NODE_ENTITY_PORT acq_trigger_in[91] -to "cpu_top:U_CPU|mem_system:U_MEM_DATA|ps2_data_reg[3]" -section_id auto_signaltap_0
set_instance_assignment -name CONNECT_TO_SLD_NODE_ENTITY_PORT acq_trigger_in[92] -to "cpu_top:U_CPU|mem_system:U_MEM_DATA|ps2_data_reg[4]" -section_id auto_signaltap_0
set_instance_assignment -name CONNECT_TO_SLD_NODE_ENTITY_PORT acq_trigger_in[93] -to "cpu_top:U_CPU|mem_system:U_MEM_DATA|ps2_data_reg[5]" -section_id auto_signaltap_0
set_instance_assignment -name CONNECT_TO_SLD_NODE_ENTITY_PORT acq_trigger_in[94] -to "cpu_top:U_CPU|mem_system:U_MEM_DATA|ps2_data_reg[6]" -section_id auto_signaltap_0
set_instance_assignment -name CONNECT_TO_SLD_NODE_ENTITY_PORT acq_trigger_in[95] -to "cpu_top:U_CPU|mem_system:U_MEM_DATA|ps2_data_reg[7]" -section_id auto_signaltap_0
set_instance_assignment -name CONNECT_TO_SLD_NODE_ENTITY_PORT acq_trigger_in[96] -to "cpu_top:U_CPU|mem_system:U_MEM_DATA|ps2_data_reg[8]" -section_id auto_signaltap_0
set_instance_assignment -name CONNECT_TO_SLD_NODE_ENTITY_PORT acq_trigger_in[97] -to "cpu_top:U_CPU|mem_system:U_MEM_DATA|ps2_data_reg[9]" -section_id auto_signaltap_0
set_instance_assignment -name CONNECT_TO_SLD_NODE_ENTITY_PORT acq_trigger_in[98] -to "cpu_top:U_CPU|mem_system:U_MEM_DATA|ps2_status_read" -section_id auto_signaltap_0
set_instance_assignment -name CONNECT_TO_SLD_NODE_ENTITY_PORT acq_trigger_in[99] -to "cpu_top:U_CPU|mem_system:U_MEM_DATA|read_data[0]" -section_id auto_signaltap_0
set_instance_assignment -name CONNECT_TO_SLD_NODE_ENTITY_PORT acq_trigger_in[100] -to "cpu_top:U_CPU|mem_system:U_MEM_DATA|read_data[10]" -section_id auto_signaltap_0
set_instance_assignment -name CONNECT_TO_SLD_NODE_ENTITY_PORT acq_trigger_in[101] -to "cpu_top:U_CPU|mem_system:U_MEM_DATA|read_data[11]" -section_id auto_signaltap_0
set_instance_assignment -name CONNECT_TO_SLD_NODE_ENTITY_PORT acq_trigger_in[102] -to "cpu_top:U_CPU|mem_system:U_MEM_DATA|read_data[12]" -section_id auto_signaltap_0
set_instance_assignment -name CONNECT_TO_SLD_NODE_ENTITY_PORT acq_trigger_in[103] -to "cpu_top:U_CPU|mem_system:U_MEM_DATA|read_data[13]" -section_id auto_signaltap_0
set_instance_assignment -name CONNECT_TO_SLD_NODE_ENTITY_PORT acq_trigger_in[104] -to "cpu_top:U_CPU|mem_system:U_MEM_DATA|read_data[14]" -section_id auto_signaltap_0
set_instance_assignment -name CONNECT_TO_SLD_NODE_ENTITY_PORT acq_trigger_in[105] -to "cpu_top:U_CPU|mem_system:U_MEM_DATA|read_data[15]" -section_id auto_signaltap_0
set_instance_assignment -name CONNECT_TO_SLD_NODE_ENTITY_PORT acq_trigger_in[106] -to "cpu_top:U_CPU|mem_system:U_MEM_DATA|read_data[16]" -section_id auto_signaltap_0
set_instance_assignment -name CONNECT_TO_SLD_NODE_ENTITY_PORT acq_trigger_in[107] -to "cpu_top:U_CPU|mem_system:U_MEM_DATA|read_data[17]" -section_id auto_signaltap_0
set_instance_assignment -name CONNECT_TO_SLD_NODE_ENTITY_PORT acq_trigger_in[108] -to "cpu_top:U_CPU|mem_system:U_MEM_DATA|read_data[18]" -section_id auto_signaltap_0
set_instance_assignment -name CONNECT_TO_SLD_NODE_ENTITY_PORT acq_trigger_in[109] -to "cpu_top:U_CPU|mem_system:U_MEM_DATA|read_data[19]" -section_id auto_signaltap_0
set_instance_assignment -name CONNECT_TO_SLD_NODE_ENTITY_PORT acq_trigger_in[110] -to "cpu_top:U_CPU|mem_system:U_MEM_DATA|read_data[1]" -section_id auto_signaltap_0
set_instance_assignment -name CONNECT_TO_SLD_NODE_ENTITY_PORT acq_trigger_in[111] -to "cpu_top:U_CPU|mem_system:U_MEM_DATA|read_data[20]" -section_id auto_signaltap_0
set_instance_assignment -name CONNECT_TO_SLD_NODE_ENTITY_PORT acq_trigger_in[112] -to "cpu_top:U_CPU|mem_system:U_MEM_DATA|read_data[21]" -section_id auto_signaltap_0
set_instance_assignment -name CONNECT_TO_SLD_NODE_ENTITY_PORT acq_trigger_in[113] -to "cpu_top:U_CPU|mem_system:U_MEM_DATA|read_data[22]" -section_id auto_signaltap_0
set_instance_assignment -name CONNECT_TO_SLD_NODE_ENTITY_PORT acq_trigger_in[114] -to "cpu_top:U_CPU|mem_system:U_MEM_DATA|read_data[23]" -section_id auto_signaltap_0
set_instance_assignment -name CONNECT_TO_SLD_NODE_ENTITY_PORT acq_trigger_in[115] -to "cpu_top:U_CPU|mem_system:U_MEM_DATA|read_data[24]" -section_id auto_signaltap_0
set_instance_assignment -name CONNECT_TO_SLD_NODE_ENTITY_PORT acq_trigger_in[116] -to "cpu_top:U_CPU|mem_system:U_MEM_DATA|read_data[25]" -section_id auto_signaltap_0
set_instance_assignment -name CONNECT_TO_SLD_NODE_ENTITY_PORT acq_trigger_in[117] -to "cpu_top:U_CPU|mem_system:U_MEM_DATA|read_data[26]" -section_id auto_signaltap_0
set_instance_assignment -name CONNECT_TO_SLD_NODE_ENTITY_PORT acq_trigger_in[118] -to "cpu_top:U_CPU|mem_system:U_MEM_DATA|read_data[27]" -section_id auto_signaltap_0
set_instance_assignment -name CONNECT_TO_SLD_NODE_ENTITY_PORT acq_trigger_in[119] -to "cpu_top:U_CPU|mem_system:U_MEM_DATA|read_data[28]" -section_id auto_signaltap_0
set_instance_assignment -name CONNECT_TO_SLD_NODE_ENTITY_PORT acq_trigger_in[120] -to "cpu_top:U_CPU|mem_system:U_MEM_DATA|read_data[29]" -section_id auto_signaltap_0
set_instance_assignment -name CONNECT_TO_SLD_NODE_ENTITY_PORT acq_trigger_in[121] -to "cpu_top:U_CPU|mem_system:U_MEM_DATA|read_data[2]" -section_id auto_signaltap_0
set_instance_assignment -name CONNECT_TO_SLD_NODE_ENTITY_PORT acq_trigger_in[122] -to "cpu_top:U_CPU|mem_system:U_MEM_DATA|read_data[30]" -section_id auto_signaltap_0
set_instance_assignment -name CONNECT_TO_SLD_NODE_ENTITY_PORT acq_trigger_in[123] -to "cpu_top:U_CPU|mem_system:U_MEM_DATA|read_data[31]" -section_id auto_signaltap_0
set_instance_assignment -name CONNECT_TO_SLD_NODE_ENTITY_PORT acq_trigger_in[124] -to "cpu_top:U_CPU|mem_system:U_MEM_DATA|read_data[3]" -section_id auto_signaltap_0
set_instance_assignment -name CONNECT_TO_SLD_NODE_ENTITY_PORT acq_trigger_in[125] -to "cpu_top:U_CPU|mem_system:U_MEM_DATA|read_data[4]" -section_id auto_signaltap_0
set_instance_assignment -name CONNECT_TO_SLD_NODE_ENTITY_PORT acq_trigger_in[126] -to "cpu_top:U_CPU|mem_system:U_MEM_DATA|read_data[5]" -section_id auto_signaltap_0
set_instance_assignment -name CONNECT_TO_SLD_NODE_ENTITY_PORT acq_trigger_in[127] -to "cpu_top:U_CPU|mem_system:U_MEM_DATA|read_data[6]" -section_id auto_signaltap_0
set_instance_assignment -name CONNECT_TO_SLD_NODE_ENTITY_PORT acq_trigger_in[128] -to "cpu_top:U_CPU|mem_system:U_MEM_DATA|read_data[7]" -section_id auto_signaltap_0
set_instance_assignment -name CONNECT_TO_SLD_NODE_ENTITY_PORT acq_trigger_in[129] -to "cpu_top:U_CPU|mem_system:U_MEM_DATA|read_data[8]" -section_id auto_signaltap_0
set_instance_assignment -name CONNECT_TO_SLD_NODE_ENTITY_PORT acq_trigger_in[130] -to "cpu_top:U_CPU|mem_system:U_MEM_DATA|read_data[9]" -section_id auto_signaltap_0
set_instance_assignment -name CONNECT_TO_SLD_NODE_ENTITY_PORT acq_trigger_in[131] -to "cpu_top:U_CPU|mem_system:U_MEM_DATA|vram_2puertos:g_vram.U_VRAM|data_a[0]" -section_id auto_signaltap_0
set_instance_assignment -name CONNECT_TO_SLD_NODE_ENTITY_PORT acq_trigger_in[132] -to "cpu_top:U_CPU|mem_system:U_MEM_DATA|vram_2puertos:g_vram.U_VRAM|data_a[10]" -section_id auto_signaltap_0
set_instance_assignment -name CONNECT_TO_SLD_NODE_ENTITY_PORT acq_trigger_in[133] -to "cpu_top:U_CPU|mem_system:U_MEM_DATA|vram_2puertos:g_vram.U_VRAM|data_a[11]" -section_id auto_signaltap_0
set_instance_assignment -name CONNECT_TO_SLD_NODE_ENTITY_PORT acq_trigger_in[134] -to "cpu_top:U_CPU|mem_system:U_MEM_DATA|vram_2puertos:g_vram.U_VRAM|data_a[12]" -section_id auto_signaltap_0
set_instance_assignment -name CONNECT_TO_SLD_NODE_ENTITY_PORT acq_trigger_in[135] -to "cpu_top:U_CPU|mem_system:U_MEM_DATA|vram_2puertos:g_vram.U_VRAM|data_a[13]" -section_id auto_signaltap_0
set_instance_assignment -name CONNECT_TO_SLD_NODE_ENTITY_PORT acq_trigger_in[136] -to "cpu_top:U_CPU|mem_system:U_MEM_DATA|vram_2puertos:g_vram.U_VRAM|data_a[14]" -section_id auto_signaltap_0
set_instance_assignment -name CONNECT_TO_SLD_NODE_ENTITY_PORT acq_trigger_in[137] -to "cpu_top:U_CPU|mem_system:U_MEM_DATA|vram_2puertos:g_vram.U_VRAM|data_a[15]" -section_id auto_signaltap_0
set_instance_assignment -name CONNECT_TO_SLD_NODE_ENTITY_PORT acq_trigger_in[138] -to "cpu_top:U_CPU|mem_system:U_MEM_DATA|vram_2puertos:g_vram.U_VRAM|data_a[16]" -section_id auto_signaltap_0
set_instance_assignment -name CONNECT_TO_SLD_NODE_ENTITY_PORT acq_trigger_in[139] -to "cpu_top:U_CPU|mem_system:U_MEM_DATA|vram_2puertos:g_vram.U_VRAM|data_a[17]" -section_id auto_signaltap_0
set_instance_assignment -name CONNECT_TO_SLD_NODE_ENTITY_PORT acq_trigger_in[140] -to "cpu_top:U_CPU|mem_system:U_MEM_DATA|vram_2puertos:g_vram.U_VRAM|data_a[18]" -section_id auto_signaltap_0
set_instance_assignment -name CONNECT_TO_SLD_NODE_ENTITY_PORT acq_trigger_in[141] -to "cpu_top:U_CPU|mem_system:U_MEM_DATA|vram_2puertos:g_vram.U_VRAM|data_a[19]" -section_id auto_signaltap_0
set_instance_assignment -name CONNECT_TO_SLD_NODE_ENTITY_PORT acq_trigger_in[142] -to "cpu_top:U_CPU|mem_system:U_MEM_DATA|vram_2puertos:g_vram.U_VRAM|data_a[1]" -section_id auto_signaltap_0
set_instance_assignment -name CONNECT_TO_SLD_NODE_ENTITY_PORT acq_trigger_in[143] -to "cpu_top:U_CPU|mem_system:U_MEM_DATA|vram_2puertos:g_vram.U_VRAM|data_a[20]" -section_id auto_signaltap_0
set_instance_assignment -name CONNECT_TO_SLD_NODE_ENTITY_PORT acq_trigger_in[144] -to "cpu_top:U_CPU|mem_system:U_MEM_DATA|vram_2puertos:g_vram.U_VRAM|data_a[21]" -section_id auto_signaltap_0
set_instance_assignment -name CONNECT_TO_SLD_NODE_ENTITY_PORT acq_trigger_in[145] -to "cpu_top:U_CPU|mem_system:U_MEM_DATA|vram_2puertos:g_vram.U_VRAM|data_a[22]" -section_id auto_signaltap_0
set_instance_assignment -name CONNECT_TO_SLD_NODE_ENTITY_PORT acq_trigger_in[146] -to "cpu_top:U_CPU|mem_system:U_MEM_DATA|vram_2puertos:g_vram.U_VRAM|data_a[23]" -section_id auto_signaltap_0
set_instance_assignment -name CONNECT_TO_SLD_NODE_ENTITY_PORT acq_trigger_in[147] -to "cpu_top:U_CPU|mem_system:U_MEM_DATA|vram_2puertos:g_vram.U_VRAM|data_a[24]" -section_id auto_signaltap_0
set_instance_assignment -name CONNECT_TO_SLD_NODE_ENTITY_PORT acq_trigger_in[148] -to "cpu_top:U_CPU|mem_system:U_MEM_DATA|vram_2puertos:g_vram.U_VRAM|data_a[25]" -section_id auto_signaltap_0
set_instance_assignment -name CONNECT_TO_SLD_NODE_ENTITY_PORT acq_trigger_in[149] -to "cpu_top:U_CPU|mem_system:U_MEM_DATA|vram_2puertos:g_vram.U_VRAM|data_a[26]" -section_id auto_signaltap_0
set_instance_assignment -name CONNECT_TO_SLD_NODE_ENTITY_PORT acq_trigger_in[150] -to "cpu_top:U_CPU|mem_system:U_MEM_DATA|vram_2puertos:g_vram.U_VRAM|data_a[27]" -section_id auto_signaltap_0
set_instance_assignment -name CONNECT_TO_SLD_NODE_ENTITY_PORT acq_trigger_in[151] -to "cpu_top:U_CPU|mem_system:U_MEM_DATA|vram_2puertos:g_vram.U_VRAM|data_a[28]" -section_id auto_signaltap_0
set_instance_assignment -name CONNECT_TO_SLD_NODE_ENTITY_PORT acq_trigger_in[152] -to "cpu_top:U_CPU|mem_system:U_MEM_DATA|vram_2puertos:g_vram.U_VRAM|data_a[29]" -section_id auto_signaltap_0
set_instance_assignment -name CONNECT_TO_SLD_NODE_ENTITY_PORT acq_trigger_in[153] -to "cpu_top:U_CPU|mem_system:U_MEM_DATA|vram_2puertos:g_vram.U_VRAM|data_a[2]" -section_id auto_signaltap_0
set_instance_assignment -name CONNECT_TO_SLD_NODE_ENTITY_PORT acq_trigger_in[154] -to "cpu_top:U_CPU|mem_system:U_MEM_DATA|vram_2puertos:g_vram.U_VRAM|data_a[30]" -section_id auto_signaltap_0
set_instance_assignment -name CONNECT_TO_SLD_NODE_ENTITY_PORT acq_trigger_in[155] -to "cpu_top:U_CPU|mem_system:U_MEM_DATA|vram_2puertos:g_vram.U_VRAM|data_a[31]" -section_id auto_signaltap_0
set_instance_assignment -name CONNECT_TO_SLD_NODE_ENTITY_PORT acq_trigger_in[156] -to "cpu_top:U_CPU|mem_system:U_MEM_DATA|vram_2puertos:g_vram.U_VRAM|data_a[3]" -section_id auto_signaltap_0
set_instance_assignment -name CONNECT_TO_SLD_NODE_ENTITY_PORT acq_trigger_in[157] -to "cpu_top:U_CPU|mem_system:U_MEM_DATA|vram_2puertos:g_vram.U_VRAM|data_a[4]" -section_id auto_signaltap_0
set_instance_assignment -name CONNECT_TO_SLD_NODE_ENTITY_PORT acq_trigger_in[158] -to "cpu_top:U_CPU|mem_system:U_MEM_DATA|vram_2puertos:g_vram.U_VRAM|data_a[5]" -section_id auto_signaltap_0
set_instance_assignment -name CONNECT_TO_SLD_NODE_ENTITY_PORT acq_trigger_in[159] -to "cpu_top:U_CPU|mem_system:U_MEM_DATA|vram_2puertos:g_vram.U_VRAM|data_a[6]" -section_id auto_signaltap_0
set_instance_assignment -name CONNECT_TO_SLD_NODE_ENTITY_PORT acq_trigger_in[160] -to "cpu_top:U_CPU|mem_system:U_MEM_DATA|vram_2puertos:g_vram.U_VRAM|data_a[7]" -section_id auto_signaltap_0
set_instance_assignment -name CONNECT_TO_SLD_NODE_ENTITY_PORT acq_trigger_in[161] -to "cpu_top:U_CPU|mem_system:U_MEM_DATA|vram_2puertos:g_vram.U_VRAM|data_a[8]" -section_id auto_signaltap_0
set_instance_assignment -name CONNECT_TO_SLD_NODE_ENTITY_PORT acq_trigger_in[162] -to "cpu_top:U_CPU|mem_system:U_MEM_DATA|vram_2puertos:g_vram.U_VRAM|data_a[9]" -section_id auto_signaltap_0
set_instance_assignment -name CONNECT_TO_SLD_NODE_ENTITY_PORT acq_trigger_in[163] -to "cpu_top:U_CPU|mem_system:U_MEM_DATA|vram_we" -section_id auto_signaltap_0
set_instance_assignment -name CONNECT_TO_SLD_NODE_ENTITY_PORT acq_trigger_in[164] -to "cpu_top:U_CPU|mem_system:U_MEM_DATA|write_data[0]" -section_id auto_signaltap_0
set_instance_assignment -name CONNECT_TO_SLD_NODE_ENTITY_PORT acq_trigger_in[165] -to "cpu_top:U_CPU|mem_system:U_MEM_DATA|write_data[10]" -section_id auto_signaltap_0
set_instance_assignment -name CONNECT_TO_SLD_NODE_ENTITY_PORT acq_trigger_in[166] -to "cpu_top:U_CPU|mem_system:U_MEM_DATA|write_data[11]" -section_id auto_signaltap_0
set_instance_assignment -name CONNECT_TO_SLD_NODE_ENTITY_PORT acq_trigger_in[167] -to "cpu_top:U_CPU|mem_system:U_MEM_DATA|write_data[12]" -section_id auto_signaltap_0
set_instance_assignment -name CONNECT_TO_SLD_NODE_ENTITY_PORT acq_trigger_in[168] -to "cpu_top:U_CPU|mem_system:U_MEM_DATA|write_data[13]" -section_id auto_signaltap_0
set_instance_assignment -name CONNECT_TO_SLD_NODE_ENTITY_PORT acq_trigger_in[169] -to "cpu_top:U_CPU|mem_system:U_MEM_DATA|write_data[14]" -section_id auto_signaltap_0
set_instance_assignment -name CONNECT_TO_SLD_NODE_ENTITY_PORT acq_trigger_in[170] -to "cpu_top:U_CPU|mem_system:U_MEM_DATA|write_data[15]" -section_id auto_signaltap_0
set_instance_assignment -name CONNECT_TO_SLD_NODE_ENTITY_PORT acq_trigger_in[171] -to "cpu_top:U_CPU|mem_system:U_MEM_DATA|write_data[16]" -section_id auto_signaltap_0
set_instance_assignment -name CONNECT_TO_SLD_NODE_ENTITY_PORT acq_trigger_in[172] -to "cpu_top:U_CPU|mem_system:U_MEM_DATA|write_data[17]" -section_id auto_signaltap_0
set_instance_assignment -name CONNECT_TO_SLD_NODE_ENTITY_PORT acq_trigger_in[173] -to "cpu_top:U_CPU|mem_system:U_MEM_DATA|write_data[18]" -section_id auto_signaltap_0
set_instance_assignment -name CONNECT_TO_SLD_NODE_ENTITY_PORT acq_trigger_in[174] -to "cpu_top:U_CPU|mem_system:U_MEM_DATA|write_data[19]" -section_id auto_signaltap_0
set_instance_assignment -name CONNECT_TO_SLD_NODE_ENTITY_PORT acq_trigger_in[175] -to "cpu_top:U_CPU|mem_system:U_MEM_DATA|write_data[1]" -section_id auto_signaltap_0
set_instance_assignment -name CONNECT_TO_SLD_NODE_ENTITY_PORT acq_trigger_in[176] -to "cpu_top:U_CPU|mem_system:U_MEM_DATA|write_data[20]" -section_id auto_signaltap_0
set_instance_assignment -name CONNECT_TO_SLD_NODE_ENTITY_PORT acq_trigger_in[177] -to "cpu_top:U_CPU|mem_system:U_MEM_DATA|write_data[21]" -section_id auto_signaltap_0
set_instance_assignment -name CONNECT_TO_SLD_NODE_ENTITY_PORT acq_trigger_in[178] -to "cpu_top:U_CPU|mem_system:U_MEM_DATA|write_data[22]" -section_id auto_signaltap_0
set_instance_assignment -name CONNECT_TO_SLD_NODE_ENTITY_PORT acq_trigger_in[179] -to "cpu_top:U_CPU|mem_system:U_MEM_DATA|write_data[23]" -section_id auto_signaltap_0
set_instance_assignment -name CONNECT_TO_SLD_NODE_ENTITY_PORT acq_trigger_in[180] -to "cpu_top:U_CPU|mem_system:U_MEM_DATA|write_data[24]" -section_id auto_signaltap_0
set_instance_assignment -name CONNECT_TO_SLD_NODE_ENTITY_PORT acq_trigger_in[181] -to "cpu_top:U_CPU|mem_system:U_MEM_DATA|write_data[25]" -section_id auto_signaltap_0
set_instance_assignment -name CONNECT_TO_SLD_NODE_ENTITY_PORT acq_trigger_in[182] -to "cpu_top:U_CPU|mem_system:U_MEM_DATA|write_data[26]" -section_id auto_signaltap_0
set_instance_assignment -name CONNECT_TO_SLD_NODE_ENTITY_PORT acq_trigger_in[183] -to "cpu_top:U_CPU|mem_system:U_MEM_DATA|write_data[27]" -section_id auto_signaltap_0
set_instance_assignment -name CONNECT_TO_SLD_NODE_ENTITY_PORT acq_trigger_in[184] -to "cpu_top:U_CPU|mem_system:U_MEM_DATA|write_data[28]" -section_id auto_signaltap_0
set_instance_assignment -name CONNECT_TO_SLD_NODE_ENTITY_PORT acq_trigger_in[185] -to "cpu_top:U_CPU|mem_system:U_MEM_DATA|write_data[29]" -section_id auto_signaltap_0
set_instance_assignment -name CONNECT_TO_SLD_NODE_ENTITY_PORT acq_trigger_in[186] -to "cpu_top:U_CPU|mem_system:U_MEM_DATA|write_data[2]" -section_id auto_signaltap_0
set_instance_assignment -name CONNECT_TO_SLD_NODE_ENTITY_PORT acq_trigger_in[187] -to "cpu_top:U_CPU|mem_system:U_MEM_DATA|write_data[30]" -section_id auto_signaltap_0
set_instance_assignment -name CONNECT_TO_SLD_NODE_ENTITY_PORT acq_trigger_in[188] -to "cpu_top:U_CPU|mem_system:U_MEM_DATA|write_data[31]" -section_id auto_signaltap_0
set_instance_assignment -name CONNECT_TO_SLD_NODE_ENTITY_PORT acq_trigger_in[189] -to "cpu_top:U_CPU|mem_system:U_MEM_DATA|write_data[3]" -section_id auto_signaltap_0
set_instance_assignment -name CONNECT_TO_SLD_NODE_ENTITY_PORT acq_trigger_in[190] -to "cpu_top:U_CPU|mem_system:U_MEM_DATA|write_data[4]" -section_id auto_signaltap_0
set_instance_assignment -name CONNECT_TO_SLD_NODE_ENTITY_PORT acq_trigger_in[191] -to "cpu_top:U_CPU|mem_system:U_MEM_DATA|write_data[5]" -section_id auto_signaltap_0
set_instance_assignment -name CONNECT_TO_SLD_NODE_ENTITY_PORT acq_trigger_in[192] -to "cpu_top:U_CPU|mem_system:U_MEM_DATA|write_data[6]" -section_id auto_signaltap_0
set_instance_assignment -name CONNECT_TO_SLD_NODE_ENTITY_PORT acq_trigger_in[193] -to "cpu_top:U_CPU|mem_system:U_MEM_DATA|write_data[7]" -section_id auto_signaltap_0
set_instance_assignment -name CONNECT_TO_SLD_NODE_ENTITY_PORT acq_trigger_in[194] -to "cpu_top:U_CPU|mem_system:U_MEM_DATA|write_data[8]" -section_id auto_signaltap_0
set_instance_assignment -name CONNECT_TO_SLD_NODE_ENTITY_PORT acq_trigger_in[195] -to "cpu_top:U_CPU|mem_system:U_MEM_DATA|write_data[9]" -section_id auto_signaltap_0
set_instance_assignment -name CONNECT_TO_SLD_NODE_ENTITY_PORT acq_trigger_in[196] -to "cpu_top:U_CPU|ps2_receiver:U_PS2_RECEIVER|error" -section_id auto_signaltap_0
set_instance_assignment -name CONNECT_TO_SLD_NODE_ENTITY_PORT acq_trigger_in[197] -to "cpu_top:U_CPU|ps2_receiver:U_PS2_RECEIVER|scancode[0]~reg0" -section_id auto_signaltap_0
set_instance_assignment -name CONNECT_TO_SLD_NODE_ENTITY_PORT acq_trigger_in[198] -to "cpu_top:U_CPU|ps2_receiver:U_PS2_RECEIVER|scancode[1]~reg0" -section_id auto_signaltap_0
set_instance_assignment -name CONNECT_TO_SLD_NODE_ENTITY_PORT acq_trigger_in[199] -to "cpu_top:U_CPU|ps2_receiver:U_PS2_RECEIVER|scancode[2]~reg0" -section_id auto_signaltap_0
set_instance_assignment -name CONNECT_TO_SLD_NODE_ENTITY_PORT acq_trigger_in[200] -to "cpu_top:U_CPU|ps2_receiver:U_PS2_RECEIVER|scancode[3]~reg0" -section_id auto_signaltap_0
set_instance_assignment -name CONNECT_TO_SLD_NODE_ENTITY_PORT acq_trigger_in[201] -to "cpu_top:U_CPU|ps2_receiver:U_PS2_RECEIVER|scancode[4]~reg0" -section_id auto_signaltap_0
set_instance_assignment -name CONNECT_TO_SLD_NODE_ENTITY_PORT acq_trigger_in[202] -to "cpu_top:U_CPU|ps2_receiver:U_PS2_RECEIVER|scancode[5]~reg0" -section_id auto_signaltap_0
set_instance_assignment -name CONNECT_TO_SLD_NODE_ENTITY_PORT acq_trigger_in[203] -to "cpu_top:U_CPU|ps2_receiver:U_PS2_RECEIVER|scancode[6]~reg0" -section_id auto_signaltap_0
set_instance_assignment -name CONNECT_TO_SLD_NODE_ENTITY_PORT acq_trigger_in[204] -to "cpu_top:U_CPU|ps2_receiver:U_PS2_RECEIVER|scancode[7]~reg0" -section_id auto_signaltap_0
set_instance_assignment -name CONNECT_TO_SLD_NODE_ENTITY_PORT acq_trigger_in[205] -to "cpu_top:U_CPU|ps2_receiver:U_PS2_RECEIVER|scancode_ready" -section_id auto_signaltap_0
set_instance_assignment -name CONNECT_TO_SLD_NODE_ENTITY_PORT acq_trigger_in[206] -to "cpu_top:U_CPU|rf_wd_final[0]" -section_id auto_signaltap_0
set_instance_assignment -name CONNECT_TO_SLD_NODE_ENTITY_PORT acq_trigger_in[207] -to "cpu_top:U_CPU|rf_wd_final[10]" -section_id auto_signaltap_0
set_instance_assignment -name CONNECT_TO_SLD_NODE_ENTITY_PORT acq_trigger_in[208] -to "cpu_top:U_CPU|rf_wd_final[11]" -section_id auto_signaltap_0
set_instance_assignment -name CONNECT_TO_SLD_NODE_ENTITY_PORT acq_trigger_in[209] -to "cpu_top:U_CPU|rf_wd_final[12]" -section_id auto_signaltap_0
set_instance_assignment -name CONNECT_TO_SLD_NODE_ENTITY_PORT acq_trigger_in[210] -to "cpu_top:U_CPU|rf_wd_final[13]" -section_id auto_signaltap_0
set_instance_assignment -name CONNECT_TO_SLD_NODE_ENTITY_PORT acq_trigger_in[211] -to "cpu_top:U_CPU|rf_wd_final[14]" -section_id auto_signaltap_0
set_instance_assignment -name CONNECT_TO_SLD_NODE_ENTITY_PORT acq_trigger_in[212] -to "cpu_top:U_CPU|rf_wd_final[15]" -section_id auto_signaltap_0
set_instance_assignment -name CONNECT_TO_SLD_NODE_ENTITY_PORT acq_trigger_in[213] -to "cpu_top:U_CPU|rf_wd_final[16]" -section_id auto_signaltap_0
set_instance_assignment -name CONNECT_TO_SLD_NODE_ENTITY_PORT acq_trigger_in[214] -to "cpu_top:U_CPU|rf_wd_final[17]" -section_id auto_signaltap_0
set_instance_assignment -name CONNECT_TO_SLD_NODE_ENTITY_PORT acq_trigger_in[215] -to "cpu_top:U_CPU|rf_wd_final[18]" -section_id auto_signaltap_0
set_instance_assignment -name CONNECT_TO_SLD_NODE_ENTITY_PORT acq_trigger_in[216] -to "cpu_top:U_CPU|rf_wd_final[19]" -section_id auto_signaltap_0
set_instance_assignment -name CONNECT_TO_SLD_NODE_ENTITY_PORT acq_trigger_in[217] -to "cpu_top:U_CPU|rf_wd_final[1]" -section_id auto_signaltap_0
set_instance_assignment -name CONNECT_TO_SLD_NODE_ENTITY_PORT acq_trigger_in[218] -to "cpu_top:U_CPU|rf_wd_final[20]" -section_id auto_signaltap_0
set_instance_assignment -name CONNECT_TO_SLD_NODE_ENTITY_PORT acq_trigger_in[219] -to "cpu_top:U_CPU|rf_wd_final[21]" -section_id auto_signaltap_0
set_instance_assignment -name CONNECT_TO_SLD_NODE_ENTITY_PORT acq_trigger_in[220] -to "cpu_top:U_CPU|rf_wd_final[22]" -section_id auto_signaltap_0
set_instance_assignment -name CONNECT_TO_SLD_NODE_ENTITY_PORT acq_trigger_in[221] -to "cpu_top:U_CPU|rf_wd_final[23]" -section_id auto_signaltap_0
set_instance_assignment -name CONNECT_TO_SLD_NODE_ENTITY_PORT acq_trigger_in[222] -to "cpu_top:U_CPU|rf_wd_final[24]" -section_id auto_signaltap_0
set_instance_assignment -name CONNECT_TO_SLD_NODE_ENTITY_PORT acq_trigger_in[223] -to "cpu_top:U_CPU|rf_wd_final[25]" -section_id auto_signaltap_0
set_instance_assignment -name CONNECT_TO_SLD_NODE_ENTITY_PORT acq_trigger_in[224] -to "cpu_top:U_CPU|rf_wd_final[26]" -section_id auto_signaltap_0
set_instance_assignment -name CONNECT_TO_SLD_NODE_ENTITY_PORT acq_trigger_in[225] -to "cpu_top:U_CPU|rf_wd_final[27]" -section_id auto_signaltap_0
set_instance_assignment -name CONNECT_TO_SLD_NODE_ENTITY_PORT acq_trigger_in[226] -to "cpu_top:U_CPU|rf_wd_final[28]" -section_id auto_signaltap_0
set_instance_assignment -name CONNECT_TO_SLD_NODE_ENTITY_PORT acq_trigger_in[227] -to "cpu_top:U_CPU|rf_wd_final[29]" -section_id auto_signaltap_0
set_instance_assignment -name CONNECT_TO_SLD_NODE_ENTITY_PORT acq_trigger_in[228] -to "cpu_top:U_CPU|rf_wd_final[2]" -section_id auto_signaltap_0
set_instance_assignment -name CONNECT_TO_SLD_NODE_ENTITY_PORT acq_trigger_in[229] -to "cpu_top:U_CPU|rf_wd_final[30]" -section_id auto_signaltap_0
set_instance_assignment -name CONNECT_TO_SLD_NODE_ENTITY_PORT acq_trigger_in[230] -to "cpu_top:U_CPU|rf_wd_final[31]" -section_id auto_signaltap_0
set_instance_assignment -name CONNECT_TO_SLD_NODE_ENTITY_PORT acq_trigger_in[231] -to "cpu_top:U_CPU|rf_wd_final[3]" -section_id auto_signaltap_0
set_instance_assignment -name CONNECT_TO_SLD_NODE_ENTITY_PORT acq_trigger_in[232] -to "cpu_top:U_CPU|rf_wd_final[4]" -section_id auto_signaltap_0
set_instance_assignment -name CONNECT_TO_SLD_NODE_ENTITY_PORT acq_trigger_in[233] -to "cpu_top:U_CPU|rf_wd_final[5]" -section_id auto_signaltap_0
set_instance_assignment -name CONNECT_TO_SLD_NODE_ENTITY_PORT acq_trigger_in[234] -to "cpu_top:U_CPU|rf_wd_final[6]" -section_id auto_signaltap_0
set_instance_assignment -name CONNECT_TO_SLD_NODE_ENTITY_PORT acq_trigger_in[235] -to "cpu_top:U_CPU|rf_wd_final[7]" -section_id auto_signaltap_0
set_instance_assignment -name CONNECT_TO_SLD_NODE_ENTITY_PORT acq_trigger_in[236] -to "cpu_top:U_CPU|rf_wd_final[8]" -section_id auto_signaltap_0
set_instance_assignment -name CONNECT_TO_SLD_NODE_ENTITY_PORT acq_trigger_in[237] -to "cpu_top:U_CPU|rf_wd_final[9]" -section_id auto_signaltap_0
set_instance_assignment -name CONNECT_TO_SLD_NODE_ENTITY_PORT acq_data_in[0] -to "cpu_top:U_CPU|debug_pc[0]" -section_id auto_signaltap_0
set_instance_assignment -name CONNECT_TO_SLD_NODE_ENTITY_PORT acq_data_in[1] -to "cpu_top:U_CPU|debug_pc[10]" -section_id auto_signaltap_0
set_instance_assignment -name CONNECT_TO_SLD_NODE_ENTITY_PORT acq_data_in[2] -to "cpu_top:U_CPU|debug_pc[11]" -section_id auto_signaltap_0
set_instance_assignment -name CONNECT_TO_SLD_NODE_ENTITY_PORT acq_data_in[3] -to "cpu_top:U_CPU|debug_pc[12]" -section_id auto_signaltap_0
set_instance_assignment -name CONNECT_TO_SLD_NODE_ENTITY_PORT acq_data_in[4] -to "cpu_top:U_CPU|debug_pc[13]" -section_id auto_signaltap_0
set_instance_assignment -name CONNECT_TO_SLD_NODE_ENTITY_PORT acq_data_in[5] -to "cpu_top:U_CPU|debug_pc[14]" -section_id auto_signaltap_0
set_instance_assignment -name CONNECT_TO_SLD_NODE_ENTITY_PORT acq_data_in[6] -to "cpu_top:U_CPU|debug_pc[15]" -section_id auto_signaltap_0
set_instance_assignment -name CONNECT_TO_SLD_NODE_ENTITY_PORT acq_data_in[7] -to "cpu_top:U_CPU|debug_pc[16]" -section_id auto_signaltap_0
set_instance_assignment -name CONNECT_TO_SLD_NODE_ENTITY_PORT acq_data_in[8] -to "cpu_top:U_CPU|debug_pc[17]" -section_id auto_signaltap_0
set_instance_assignment -name CONNECT_TO_SLD_NODE_ENTITY_PORT acq_data_in[9] -to "cpu_top:U_CPU|debug_pc[18]" -section_id auto_signaltap_0
set_instance_assignment -name CONNECT_TO_SLD_NODE_ENTITY_PORT acq_data_in[10] -to "cpu_top:U_CPU|debug_pc[19]" -section_id auto_signaltap_0
set_instance_assignment -name CONNECT_TO_SLD_NODE_ENTITY_PORT acq_data_in[11] -to "cpu_top:U_CPU|debug_pc[1]" -section_id auto_signaltap_0
set_instance_assignment -name CONNECT_TO_SLD_NODE_ENTITY_PORT acq_data_in[12] -to "cpu_top:U_CPU|debug_pc[20]" -section_id auto_signaltap_0
set_instance_assignment -name CONNECT_TO_SLD_NODE_ENTITY_PORT acq_data_in[13] -to "cpu_top:U_CPU|debug_pc[21]" -section_id auto_signaltap_0
set_instance_assignment -name CONNECT_TO_SLD_NODE_ENTITY_PORT acq_data_in[14] -to "cpu_top:U_CPU|debug_pc[22]" -section_id auto_signaltap_0
set_instance_assignment -name CONNECT_TO_SLD_NODE_ENTITY_PORT acq_data_in[15] -to "cpu_top:U_CPU|debug_pc[23]" -section_id auto_signaltap_0
set_instance_assignment -name CONNECT_TO_SLD_NODE_ENTITY_PORT acq_data_in[16] -to "cpu_top:U_CPU|debug_pc[24]" -section_id auto_signaltap_0
set_instance_assignment -name CONNECT_TO_SLD_NODE_ENTITY_PORT acq_data_in[17] -to "cpu_top:U_CPU|debug_pc[25]" -section_id auto_signaltap_0
set_instance_assignment -name CONNECT_TO_SLD_NODE_ENTITY_PORT acq_data_in[18] -to "cpu_top:U_CPU|debug_pc[26]" -section_id auto_signaltap_0
set_instance_assignment -name CONNECT_TO_SLD_NODE_ENTITY_PORT acq_data_in[19] -to "cpu_top:U_CPU|debug_pc[27]" -section_id auto_signaltap_0
set_instance_assignment -name CONNECT_TO_SLD_NODE_ENTITY_PORT acq_data_in[20] -to "cpu_top:U_CPU|debug_pc[28]" -section_id auto_signaltap_0
set_instance_assignment -name CONNECT_TO_SLD_NODE_ENTITY_PORT acq_data_in[21] -to "cpu_top:U_CPU|debug_pc[29]" -section_id auto_signaltap_0
set_instance_assignment -name CONNECT_TO_SLD_NODE_ENTITY_PORT acq_data_in[22] -to "cpu_top:U_CPU|debug_pc[2]" -section_id auto_signaltap_0
set_instance_assignment -name CONNECT_TO_SLD_NODE_ENTITY_PORT acq_data_in[23] -to "cpu_top:U_CPU|debug_pc[30]" -section_id auto_signaltap_0
set_instance_assignment -name CONNECT_TO_SLD_NODE_ENTITY_PORT acq_data_in[24] -to "cpu_top:U_CPU|debug_pc[31]" -section_id auto_signaltap_0
set_instance_assignment -name CONNECT_TO_SLD_NODE_ENTITY_PORT acq_data_in[25] -to "cpu_top:U_CPU|debug_pc[3]" -section_id auto_signaltap_0
set_instance_assignment -name CONNECT_TO_SLD_NODE_ENTITY_PORT acq_data_in[26] -to "cpu_top:U_CPU|debug_pc[4]" -section_id auto_signaltap_0
set_instance_assignment -name CONNECT_TO_SLD_NODE_ENTITY_PORT acq_data_in[27] -to "cpu_top:U_CPU|debug_pc[5]" -section_id auto_signaltap_0
set_instance_assignment -name CONNECT_TO_SLD_NODE_ENTITY_PORT acq_data_in[28] -to "cpu_top:U_CPU|debug_pc[6]" -section_id auto_signaltap_0
set_instance_assignment -name CONNECT_TO_SLD_NODE_ENTITY_PORT acq_data_in[29] -to "cpu_top:U_CPU|debug_pc[7]" -section_id auto_signaltap_0
set_instance_assignment -name CONNECT_TO_SLD_NODE_ENTITY_PORT acq_data_in[30] -to "cpu_top:U_CPU|debug_pc[8]" -section_id auto_signaltap_0
set_instance_assignment -name CONNECT_TO_SLD_NODE_ENTITY_PORT acq_data_in[31] -to "cpu_top:U_CPU|debug_pc[9]" -section_id auto_signaltap_0
set_instance_assignment -name CONNECT_TO_SLD_NODE_ENTITY_PORT acq_data_in[32] -to "cpu_top:U_CPU|mem_system:U_MEM_DATA|MemWrite" -section_id auto_signaltap_0
set_instance_assignment -name CONNECT_TO_SLD_NODE_ENTITY_PORT acq_data_in[33] -to "cpu_top:U_CPU|mem_system:U_MEM_DATA|addr[0]" -section_id auto_signaltap_0
set_instance_assignment -name CONNECT_TO_SLD_NODE_ENTITY_PORT acq_data_in[34] -to "cpu_top:U_CPU|mem_system:U_MEM_DATA|addr[10]" -section_id auto_signaltap_0
set_instance_assignment -name CONNECT_TO_SLD_NODE_ENTITY_PORT acq_data_in[35] -to "cpu_top:U_CPU|mem_system:U_MEM_DATA|addr[11]" -section_id auto_signaltap_0
set_instance_assignment -name CONNECT_TO_SLD_NODE_ENTITY_PORT acq_data_in[36] -to "cpu_top:U_CPU|mem_system:U_MEM_DATA|addr[12]" -section_id auto_signaltap_0
set_instance_assignment -name CONNECT_TO_SLD_NODE_ENTITY_PORT acq_data_in[37] -to "cpu_top:U_CPU|mem_system:U_MEM_DATA|addr[13]" -section_id auto_signaltap_0
set_instance_assignment -name CONNECT_TO_SLD_NODE_ENTITY_PORT acq_data_in[38] -to "cpu_top:U_CPU|mem_system:U_MEM_DATA|addr[14]" -section_id auto_signaltap_0
set_instance_assignment -name CONNECT_TO_SLD_NODE_ENTITY_PORT acq_data_in[39] -to "cpu_top:U_CPU|mem_system:U_MEM_DATA|addr[15]" -section_id auto_signaltap_0
set_instance_assignment -name CONNECT_TO_SLD_NODE_ENTITY_PORT acq_data_in[40] -to "cpu_top:U_CPU|mem_system:U_MEM_DATA|addr[16]" -section_id auto_signaltap_0
set_instance_assignment -name CONNECT_TO_SLD_NODE_ENTITY_PORT acq_data_in[41] -to "cpu_top:U_CPU|mem_system:U_MEM_DATA|addr[17]" -section_id auto_signaltap_0
set_instance_assignment -name CONNECT_TO_SLD_NODE_ENTITY_PORT acq_data_in[42] -to "cpu_top:U_CPU|mem_system:U_MEM_DATA|addr[18]" -section_id auto_signaltap_0
set_instance_assignment -name CONNECT_TO_SLD_NODE_ENTITY_PORT acq_data_in[43] -to "cpu_top:U_CPU|mem_system:U_MEM_DATA|addr[19]" -section_id auto_signaltap_0
set_instance_assignment -name CONNECT_TO_SLD_NODE_ENTITY_PORT acq_data_in[44] -to "cpu_top:U_CPU|mem_system:U_MEM_DATA|addr[1]" -section_id auto_signaltap_0
set_instance_assignment -name CONNECT_TO_SLD_NODE_ENTITY_PORT acq_data_in[45] -to "cpu_top:U_CPU|mem_system:U_MEM_DATA|addr[20]" -section_id auto_signaltap_0
set_instance_assignment -name CONNECT_TO_SLD_NODE_ENTITY_PORT acq_data_in[46] -to "cpu_top:U_CPU|mem_system:U_MEM_DATA|addr[21]" -section_id auto_signaltap_0
set_instance_assignment -name CONNECT_TO_SLD_NODE_ENTITY_PORT acq_data_in[47] -to "cpu_top:U_CPU|mem_system:U_MEM_DATA|addr[22]" -section_id auto_signaltap_0
set_instance_assignment -name CONNECT_TO_SLD_NODE_ENTITY_PORT acq_data_in[48] -to "cpu_top:U_CPU|mem_system:U_MEM_DATA|addr[23]" -section_id auto_signaltap_0
set_instance_assignment -name CONNECT_TO_SLD_NODE_ENTITY_PORT acq_data_in[49] -to "cpu_top:U_CPU|mem_system:U_MEM_DATA|addr[24]" -section_id auto_signaltap_0
set_instance_assignment -name CONNECT_TO_SLD_NODE_ENTITY_PORT acq_data_in[50] -to "cpu_top:U_CPU|mem_system:U_MEM_DATA|addr[25]" -section_id auto_signaltap_0
set_instance_assignment -name CONNECT_TO_SLD_NODE_ENTITY_PORT acq_data_in[51] -to "cpu_top:U_CPU|mem_system:U_MEM_DATA|addr[26]" -section_id auto_signaltap_0
set_instance_assignment -name CONNECT_TO_SLD_NODE_ENTITY_PORT acq_data_in[52] -to "cpu_top:U_CPU|mem_system:U_MEM_DATA|addr[27]" -section_id auto_signaltap_0
set_instance_assignment -name CONNECT_TO_SLD_NODE_ENTITY_PORT acq_data_in[53] -to "cpu_top:U_CPU|mem_system:U_MEM_DATA|addr[28]" -section_id auto_signaltap_0
set_instance_assignment -name CONNECT_TO_SLD_NODE_ENTITY_PORT acq_data_in[54] -to "cpu_top:U_CPU|mem_system:U_MEM_DATA|addr[29]" -section_id auto_signaltap_0
set_instance_assignment -name CONNECT_TO_SLD_NODE_ENTITY_PORT acq_data_in[55] -to "cpu_top:U_CPU|mem_system:U_MEM_DATA|addr[2]" -section_id auto_signaltap_0
set_instance_assignment -name CONNECT_TO_SLD_NODE_ENTITY_PORT acq_data_in[56] -to "cpu_top:U_CPU|mem_system:U_MEM_DATA|addr[30]" -section_id auto_signaltap_0
set_instance_assignment -name CONNECT_TO_SLD_NODE_ENTITY_PORT acq_data_in[57] -to "cpu_top:U_CPU|mem_system:U_MEM_DATA|addr[31]" -section_id auto_signaltap_0
set_instance_assignment -name CONNECT_TO_SLD_NODE_ENTITY_PORT acq_data_in[58] -to "cpu_top:U_CPU|mem_system:U_MEM_DATA|addr[3]" -section_id auto_signaltap_0
set_instance_assignment -name CONNECT_TO_SLD_NODE_ENTITY_PORT acq_data_in[59] -to "cpu_top:U_CPU|mem_system:U_MEM_DATA|addr[4]" -section_id auto_signaltap_0
set_instance_assignment -name CONNECT_TO_SLD_NODE_ENTITY_PORT acq_data_in[60] -to "cpu_top:U_CPU|mem_system:U_MEM_DATA|addr[5]" -section_id auto_signaltap_0
set_instance_assignment -name CONNECT_TO_SLD_NODE_ENTITY_PORT acq_data_in[61] -to "cpu_top:U_CPU|mem_system:U_MEM_DATA|addr[6]" -section_id auto_signaltap_0
set_instance_assignment -name CONNECT_TO_SLD_NODE_ENTITY_PORT acq_data_in[62] -to "cpu_top:U_CPU|mem_system:U_MEM_DATA|addr[7]" -section_id auto_signaltap_0
set_instance_assignment -name CONNECT_TO_SLD_NODE_ENTITY_PORT acq_data_in[63] -to "cpu_top:U_CPU|mem_system:U_MEM_DATA|addr[8]" -section_id auto_signaltap_0
set_instance_assignment -name CONNECT_TO_SLD_NODE_ENTITY_PORT acq_data_in[64] -to "cpu_top:U_CPU|mem_system:U_MEM_DATA|addr[9]" -section_id auto_signaltap_0
set_instance_assignment -name CONNECT_TO_SLD_NODE_ENTITY_PORT acq_data_in[65] -to "cpu_top:U_CPU|mem_system:U_MEM_DATA|g_ps2.new_data_flag" -section_id auto_signaltap_0
set_instance_assignment -name CONNECT_TO_SLD_NODE_ENTITY_PORT acq_data_in[66] -to "cpu_top:U_CPU|mem_system:U_MEM_DATA|ps2_data_reg[0]" -section_id auto_signaltap_0
set_instance_assignment -name CONNECT_TO_SLD_NODE_ENTITY_PORT acq_data_in[67] -to "cpu_top:U_CPU|mem_system:U_MEM_DATA|ps2_data_reg[10]" -section_id auto_signaltap_0
set_instance_assignment -name CONNECT_TO_SLD_NODE_ENTITY_PORT acq_data_in[68] -to "cpu_top:U_CPU|mem_system:U_MEM_DATA|ps2_data_reg[11]" -section_id auto_signaltap_0
set_instance_assignment -name CONNECT_TO_SLD_NODE_ENTITY_PORT acq_data_in[69] -to "cpu_top:U_CPU|mem_system:U_MEM_DATA|ps2_data_reg[12]" -section_id auto_signaltap_0
set_instance_assignment -name CONNECT_TO_SLD_NODE_ENTITY_PORT acq_data_in[70] -to "cpu_top:U_CPU|mem_system:U_MEM_DATA|ps2_data_reg[13]" -section_id auto_signaltap_0
set_instance_assignment -name CONNECT_TO_SLD_NODE_ENTITY_PORT acq_data_in[71] -to "cpu_top:U_CPU|mem_system:U_MEM_DATA|ps2_data_reg[14]" -section_id auto_signaltap_0
set_instance_assignment -name CONNECT_TO_SLD_NODE_ENTITY_PORT acq_data_in[72] -to "cpu_top:U_CPU|mem_system:U_MEM_DATA|ps2_data_reg[15]" -section_id auto_signaltap_0
set_instance_assignment -name CONNECT_TO_SLD_NODE_ENTITY_PORT acq_data_in[73] -to "cpu_top:U_CPU|mem_system:U_MEM_DATA|ps2_data_reg[16]" -section_id auto_signaltap_0
set_instance_assignment -name CONNECT_TO_SLD_NODE_ENTITY_PORT acq_data_in[74] -to "cpu_top:U_CPU|mem_system:U_MEM_DATA|ps2_data_reg[17]" -section_id auto_signaltap_0
set_instance_assignment -name CONNECT_TO_SLD_NODE_ENTITY_PORT acq_data_in[75] -to "cpu_top:U_CPU|mem_system:U_MEM_DATA|ps2_data_reg[18]" -section_id auto_signaltap_0
set_instance_assignment -name CONNECT_TO_SLD_NODE_ENTITY_PORT acq_data_in[76] -to "cpu_top:U_CPU|mem_system:U_MEM_DATA|ps2_data_reg[19]" -section_id auto_signaltap_0
set_instance_assignment -name CONNECT_TO_SLD_NODE_ENTITY_PORT acq_data_in[77] -to "cpu_top:U_CPU|mem_system:U_MEM_DATA|ps2_data_reg[1]" -section_id auto_signaltap_0
set_instance_assignment -name CONNECT_TO_SLD_NODE_ENTITY_PORT acq_data_in[78] -to "cpu_top:U_CPU|mem_system:U_MEM_DATA|ps2_data_reg[20]" -section_id auto_signaltap_0
set_instance_assignment -name CONNECT_TO_SLD_NODE_ENTITY_PORT acq_data_in[79] -to "cpu_top:U_CPU|mem_system:U_MEM_DATA|ps2_data_reg[21]" -section_id auto_signaltap_0
set_instance_assignment -name CONNECT_TO_SLD_NODE_ENTITY_PORT acq_data_in[80] -to "cpu_top:U_CPU|mem_system:U_MEM_DATA|ps2_data_reg[22]" -section_id auto_signaltap_0
set_instance_assignment -name CONNECT_TO_SLD_NODE_ENTITY_PORT acq_data_in[81] -to "cpu_top:U_CPU|mem_system:U_MEM_DATA|ps2_data_reg[23]" -section_id auto_signaltap_0
set_instance_assignment -name CONNECT_TO_SLD_NODE_ENTITY_PORT acq_data_in[82] -to "cpu_top:U_CPU|mem_system:U_MEM_DATA|ps2_data_reg[24]" -section_id auto_signaltap_0
set_instance_assignment -name CONNECT_TO_SLD_NODE_ENTITY_PORT acq_data_in[83] -to "cpu_top:U_CPU|mem_system:U_MEM_DATA|ps2_data_reg[25]" -section_id auto_signaltap_0
set_instance_assignment -name CONNECT_TO_SLD_NODE_ENTITY_PORT acq_data_in[84] -to "cpu_top:U_CPU|mem_system:U_MEM_DATA|ps2_data_reg[26]" -section_id auto_signaltap_0
set_instance_assignment -name CONNECT_TO_SLD_NODE_ENTITY_PORT acq_data_in[85] -to "cpu_top:U_CPU|mem_system:U_MEM_DATA|ps2_data_reg[27]" -section_id auto_signaltap_0
set_instance_assignment -name CONNECT_TO_SLD_NODE_ENTITY_PORT acq_data_in[86] -to "cpu_top:U_CPU|mem_system:U_MEM_DATA|ps2_data_reg[28]" -section_id auto_signaltap_0
set_instance_assignment -name CONNECT_TO_SLD_NODE_ENTITY_PORT acq_data_in[87] -to "cpu_top:U_CPU|mem_system:U_MEM_DATA|ps2_data_reg[29]" -section_id auto_signaltap_0
set_instance_assignment -name CONNECT_TO_SLD_NODE_ENTITY_PORT acq_data_in[88] -to "cpu_top:U_CPU|mem_system:U_MEM_DATA|ps2_data_reg[2]" -section_id auto_signaltap_0
set_instance_assignment -name CONNECT_TO_SLD_NODE_ENTITY_PORT acq_data_in[89] -to "cpu_top:U_CPU|mem_system:U_MEM_DATA|ps2_data_reg[30]" -section_id auto_signaltap_0
set_instance_assignment -name CONNECT_TO_SLD_NODE_ENTITY_PORT acq_data_in[90] -to "cpu_top:U_CPU|mem_system:U_MEM_DATA|ps2_data_reg[31]" -section_id auto_signaltap_0
set_instance_assignment -name CONNECT_TO_SLD_NODE_ENTITY_PORT acq_data_in[91] -to "cpu_top:U_CPU|mem_system:U_MEM_DATA|ps2_data_reg[3]" -section_id auto_signaltap_0
set_instance_assignment -name CONNECT_TO_SLD_NODE_ENTITY_PORT acq_data_in[92] -to "cpu_top:U_CPU|mem_system:U_MEM_DATA|ps2_data_reg[4]" -section_id auto_signaltap_0
set_instance_assignment -name CONNECT_TO_SLD_NODE_ENTITY_PORT acq_data_in[93] -to "cpu_top:U_CPU|mem_system:U_MEM_DATA|ps2_data_reg[5]" -section_id auto_signaltap_0
set_instance_assignment -name CONNECT_TO_SLD_NODE_ENTITY_PORT acq_data_in[94] -to "cpu_top:U_CPU|mem_system:U_MEM_DATA|ps2_data_reg[6]" -section_id auto_signaltap_0
set_instance_assignment -name CONNECT_TO_SLD_NODE_ENTITY_PORT acq_data_in[95] -to "cpu_top:U_CPU|mem_system:U_MEM_DATA|ps2_data_reg[7]" -section_id auto_signaltap_0
set_instance_assignment -name CONNECT_TO_SLD_NODE_ENTITY_PORT acq_data_in[96] -to "cpu_top:U_CPU|mem_system:U_MEM_DATA|ps2_data_reg[8]" -section_id auto_signaltap_0
set_instance_assignment -name CONNECT_TO_SLD_NODE_ENTITY_PORT acq_data_in[97] -to "cpu_top:U_CPU|mem_system:U_MEM_DATA|ps2_data_reg[9]" -section_id auto_signaltap_0
set_instance_assignment -name CONNECT_TO_SLD_NODE_ENTITY_PORT acq_data_in[98] -to "cpu_top:U_CPU|mem_system:U_MEM_DATA|ps2_status_read" -section_id auto_signaltap_0
set_instance_assignment -name CONNECT_TO_SLD_NODE_ENTITY_PORT acq_data_in[99] -to "cpu_top:U_CPU|mem_system:U_MEM_DATA|read_data[0]" -section_id auto_signaltap_0
set_instance_assignment -name CONNECT_TO_SLD_NODE_ENTITY_PORT acq_data_in[100] -to "cpu_top:U_CPU|mem_system:U_MEM_DATA|read_data[10]" -section_id auto_signaltap_0
set_instance_assignment -name CONNECT_TO_SLD_NODE_ENTITY_PORT acq_data_in[101] -to "cpu_top:U_CPU|mem_system:U_MEM_DATA|read_data[11]" -section_id auto_signaltap_0
set_instance_assignment -name CONNECT_TO_SLD_NODE_ENTITY_PORT acq_data_in[102] -to "cpu_top:U_CPU|mem_system:U_MEM_DATA|read_data[12]" -section_id auto_signaltap_0
set_instance_assignment -name CONNECT_TO_SLD_NODE_ENTITY_PORT acq_data_in[103] -to "cpu_top:U_CPU|mem_system:U_MEM_DATA|read_data[13]" -section_id auto_signaltap_0
set_instance_assignment -name CONNECT_TO_SLD_NODE_ENTITY_PORT acq_data_in[104] -to "cpu_top:U_CPU|mem_system:U_MEM_DATA|read_data[14]" -section_id auto_signaltap_0
set_instance_assignment -name CONNECT_TO_SLD_NODE_ENTITY_PORT acq_data_in[105] -to "cpu_top:U_CPU|mem_system:U_MEM_DATA|read_data[15]" -section_id auto_signaltap_0
set_instance_assignment -name CONNECT_TO_SLD_NODE_ENTITY_PORT acq_data_in[106] -to "cpu_top:U_CPU|mem_system:U_MEM_DATA|read_data[16]" -section_id auto_signaltap_0
set_instance_assignment -name CONNECT_TO_SLD_NODE_ENTITY_PORT acq_data_in[107] -to "cpu_top:U_CPU|mem_system:U_MEM_DATA|read_data[17]" -section_id auto_signaltap_0
set_instance_assignment -name CONNECT_TO_SLD_NODE_ENTITY_PORT acq_data_in[108] -to "cpu_top:U_CPU|mem_system:U_MEM_DATA|read_data[18]" -section_id auto_signaltap_0
set_instance_assignment -name CONNECT_TO_SLD_NODE_ENTITY_PORT acq_data_in[109] -to "cpu_top:U_CPU|mem_system:U_MEM_DATA|read_data[19]" -section_id auto_signaltap_0
set_instance_assignment -name CONNECT_TO_SLD_NODE_ENTITY_PORT acq_data_in[110] -to "cpu_top:U_CPU|mem_system:U_MEM_DATA|read_data[1]" -section_id auto_signaltap_0
set_instance_assignment -name CONNECT_TO_SLD_NODE_ENTITY_PORT acq_data_in[111] -to "cpu_top:U_CPU|mem_system:U_MEM_DATA|read_data[20]" -section_id auto_signaltap_0
set_instance_assignment -name CONNECT_TO_SLD_NODE_ENTITY_PORT acq_data_in[112] -to "cpu_top:U_CPU|mem_system:U_MEM_DATA|read_data[21]" -section_id auto_signaltap_0
set_instance_assignment -name CONNECT_TO_SLD_NODE_ENTITY_PORT acq_data_in[113] -to "cpu_top:U_CPU|mem_system:U_MEM_DATA|read_data[22]" -section_id auto_signaltap_0
set_instance_assignment -name CONNECT_TO_SLD_NODE_ENTITY_PORT acq_data_in[114] -to "cpu_top:U_CPU|mem_system:U_MEM_DATA|read_data[23]" -section_id auto_signaltap_0
set_instance_assignment -name CONNECT_TO_SLD_NODE_ENTITY_PORT acq_data_in[115] -to "cpu_top:U_CPU|mem_system:U_MEM_DATA|read_data[24]" -section_id auto_signaltap_0
set_instance_assignment -name CONNECT_TO_SLD_NODE_ENTITY_PORT acq_data_in[116] -to "cpu_top:U_CPU|mem_system:U_MEM_DATA|read_data[25]" -section_id auto_signaltap_0
set_instance_assignment -name CONNECT_TO_SLD_NODE_ENTITY_PORT acq_data_in[117] -to "cpu_top:U_CPU|mem_system:U_MEM_DATA|read_data[26]" -section_id auto_signaltap_0
set_instance_assignment -name CONNECT_TO_SLD_NODE_ENTITY_PORT acq_data_in[118] -to "cpu_top:U_CPU|mem_system:U_MEM_DATA|read_data[27]" -section_id auto_signaltap_0
set_instance_assignment -name CONNECT_TO_SLD_NODE_ENTITY_PORT acq_data_in[119] -to "cpu_top:U_CPU|mem_system:U_MEM_DATA|read_data[28]" -section_id auto_signaltap_0
set_instance_assignment -name CONNECT_TO_SLD_NODE_ENTITY_PORT acq_data_in[120] -to "cpu_top:U_CPU|mem_system:U_MEM_DATA|read_data[29]" -section_id auto_signaltap_0
set_instance_assignment -name CONNECT_TO_SLD_NODE_ENTITY_PORT acq_data_in[121] -to "cpu_top:U_CPU|mem_system:U_MEM_DATA|read_data[2]" -section_id auto_signaltap_0
set_instance_assignment -name CONNECT_TO_SLD_NODE_ENTITY_PORT acq_data_in[122] -to "cpu_top:U_CPU|mem_system:U_MEM_DATA|read_data[30]" -section_id auto_signaltap_0
set_instance_assignment -name CONNECT_TO_SLD_NODE_ENTITY_PORT acq_data_in[123] -to "cpu_top:U_CPU|mem_system:U_MEM_DATA|read_data[31]" -section_id auto_signaltap_0
set_instance_assignment -name CONNECT_TO_SLD_NODE_ENTITY_PORT acq_data_in[124] -to "cpu_top:U_CPU|mem_system:U_MEM_DATA|read_data[3]" -section_id auto_signaltap_0
set_instance_assignment -name CONNECT_TO_SLD_NODE_ENTITY_PORT acq_data_in[125] -to "cpu_top:U_CPU|mem_system:U_MEM_DATA|read_data[4]" -section_id auto_signaltap_0
set_instance_assignment -name CONNECT_TO_SLD_NODE_ENTITY_PORT acq_data_in[126] -to "cpu_top:U_CPU|mem_system:U_MEM_DATA|read_data[5]" -section_id auto_signaltap_0
set_instance_assignment -name CONNECT_TO_SLD_NODE_ENTITY_PORT acq_data_in[127] -to "cpu_top:U_CPU|mem_system:U_MEM_DATA|read_data[6]" -section_id auto_signaltap_0
set_instance_assignment -name CONNECT_TO_SLD_NODE_ENTITY_PORT acq_data_in[128] -to "cpu_top:U_CPU|mem_system:U_MEM_DATA|read_data[7]" -section_id auto_signaltap_0
set_instance_assignment -name CONNECT_TO_SLD_NODE_ENTITY_PORT acq_data_in[129] -to "cpu_top:U_CPU|mem_system:U_MEM_DATA|read_data[8]" -section_id auto_signaltap_0
set_instance_assignment -name CONNECT_TO_SLD_NODE_ENTITY_PORT acq_data_in[130] -to "cpu_top:U_CPU|mem_system:U_MEM_DATA|read_data[9]" -section_id auto_signaltap_0
set_instance_assignment -name CONNECT_TO_SLD_NODE_ENTITY_PORT acq_data_in[131] -to "cpu_top:U_CPU|mem_system:U_MEM_DATA|vram_2puertos:g_vram.U_VRAM|data_a[0]" -section_id auto_signaltap_0
set_instance_assignment -name CONNECT_TO_SLD_NODE_ENTITY_PORT acq_data_in[132] -to "cpu_top:U_CPU|mem_system:U_MEM_DATA|vram_2puertos:g_vram.U_VRAM|data_a[10]" -section_id auto_signaltap_0
set_instance_assignment -name CONNECT_TO_SLD_NODE_ENTITY_PORT acq_data_in[133] -to "cpu_top:U_CPU|mem_system:U_MEM_DATA|vram_2puertos:g_vram.U_VRAM|data_a[11]" -section_id auto_signaltap_0
set_instance_assignment -name CONNECT_TO_SLD_NODE_ENTITY_PORT acq_data_in[134] -to "cpu_top:U_CPU|mem_system:U_MEM_DATA|vram_2puertos:g_vram.U_VRAM|data_a[12]" -section_id auto_signaltap_0
set_instance_assignment -name CONNECT_TO_SLD_NODE_ENTITY_PORT acq_data_in[135] -to "cpu_top:U_CPU|mem_system:U_MEM_DATA|vram_2puertos:g_vram.U_VRAM|data_a[13]" -section_id auto_signaltap_0
set_instance_assignment -name CONNECT_TO_SLD_NODE_ENTITY_PORT acq_data_in[136] -to "cpu_top:U_CPU|mem_system:U_MEM_DATA|vram_2puertos:g_vram.U_VRAM|data_a[14]" -section_id auto_signaltap_0
set_instance_assignment -name CONNECT_TO_SLD_NODE_ENTITY_PORT acq_data_in[137] -to "cpu_top:U_CPU|mem_system:U_MEM_DATA|vram_2puertos:g_vram.U_VRAM|data_a[15]" -section_id auto_signaltap_0
set_instance_assignment -name CONNECT_TO_SLD_NODE_ENTITY_PORT acq_data_in[138] -to "cpu_top:U_CPU|mem_system:U_MEM_DATA|vram_2puertos:g_vram.U_VRAM|data_a[16]" -section_id auto_signaltap_0
set_instance_assignment -name CONNECT_TO_SLD_NODE_ENTITY_PORT acq_data_in[139] -to "cpu_top:U_CPU|mem_system:U_MEM_DATA|vram_2puertos:g_vram.U_VRAM|data_a[17]" -section_id auto_signaltap_0
set_instance_assignment -name CONNECT_TO_SLD_NODE_ENTITY_PORT acq_data_in[140] -to "cpu_top:U_CPU|mem_system:U_MEM_DATA|vram_2puertos:g_vram.U_VRAM|data_a[18]" -section_id auto_signaltap_0
set_instance_assignment -name CONNECT_TO_SLD_NODE_ENTITY_PORT acq_data_in[141] -to "cpu_top:U_CPU|mem_system:U_MEM_DATA|vram_2puertos:g_vram.U_VRAM|data_a[19]" -section_id auto_signaltap_0
set_instance_assignment -name CONNECT_TO_SLD_NODE_ENTITY_PORT acq_data_in[142] -to "cpu_top:U_CPU|mem_system:U_MEM_DATA|vram_2puertos:g_vram.U_VRAM|data_a[1]" -section_id auto_signaltap_0
set_instance_assignment -name CONNECT_TO_SLD_NODE_ENTITY_PORT acq_data_in[143] -to "cpu_top:U_CPU|mem_system:U_MEM_DATA|vram_2puertos:g_vram.U_VRAM|data_a[20]" -section_id auto_signaltap_0
set_instance_assignment -name CONNECT_TO_SLD_NODE_ENTITY_PORT acq_data_in[144] -to "cpu_top:U_CPU|mem_system:U_MEM_DATA|vram_2puertos:g_vram.U_VRAM|data_a[21]" -section_id auto_signaltap_0
set_instance_assignment -name CONNECT_TO_SLD_NODE_ENTITY_PORT acq_data_in[145] -to "cpu_top:U_CPU|mem_system:U_MEM_DATA|vram_2puertos:g_vram.U_VRAM|data_a[22]" -section_id auto_signaltap_0
set_instance_assignment -name CONNECT_TO_SLD_NODE_ENTITY_PORT acq_data_in[146] -to "cpu_top:U_CPU|mem_system:U_MEM_DATA|vram_2puertos:g_vram.U_VRAM|data_a[23]" -section_id auto_signaltap_0
set_instance_assignment -name CONNECT_TO_SLD_NODE_ENTITY_PORT acq_data_in[147] -to "cpu_top:U_CPU|mem_system:U_MEM_DATA|vram_2puertos:g_vram.U_VRAM|data_a[24]" -section_id auto_signaltap_0
set_instance_assignment -name CONNECT_TO_SLD_NODE_ENTITY_PORT acq_data_in[148] -to "cpu_top:U_CPU|mem_system:U_MEM_DATA|vram_2puertos:g_vram.U_VRAM|data_a[25]" -section_id auto_signaltap_0
set_instance_assignment -name CONNECT_TO_SLD_NODE_ENTITY_PORT acq_data_in[149] -to "cpu_top:U_CPU|mem_system:U_MEM_DATA|vram_2puertos:g_vram.U_VRAM|data_a[26]" -section_id auto_signaltap_0
set_instance_assignment -name CONNECT_TO_SLD_NODE_ENTITY_PORT acq_data_in[150] -to "cpu_top:U_CPU|mem_system:U_MEM_DATA|vram_2puertos:g_vram.U_VRAM|data_a[27]" -section_id auto_signaltap_0
set_instance_assignment -name CONNECT_TO_SLD_NODE_ENTITY_PORT acq_data_in[151] -to "cpu_top:U_CPU|mem_system:U_MEM_DATA|vram_2puertos:g_vram.U_VRAM|data_a[28]" -section_id auto_signaltap_0
set_instance_assignment -name CONNECT_TO_SLD_NODE_ENTITY_PORT acq_data_in[152] -to "cpu_top:U_CPU|mem_system:U_MEM_DATA|vram_2puertos:g_vram.U_VRAM|data_a[29]" -section_id auto_signaltap_0
set_instance_assignment -name CONNECT_TO_SLD_NODE_ENTITY_PORT acq_data_in[153] -to "cpu_top:U_CPU|mem_system:U_MEM_DATA|vram_2puertos:g_vram.U_VRAM|data_a[2]" -section_id auto_signaltap_0
set_instance_assignment -name CONNECT_TO_SLD_NODE_ENTITY_PORT acq_data_in[154] -to "cpu_top:U_CPU|mem_system:U_MEM_DATA|vram_2puertos:g_vram.U_VRAM|data_a[30]" -section_id auto_signaltap_0
set_instance_assignment -name CONNECT_TO_SLD_NODE_ENTITY_PORT acq_data_in[155] -to "cpu_top:U_CPU|mem_system:U_MEM_DATA|vram_2puertos:g_vram.U_VRAM|data_a[31]" -section_id auto_signaltap_0
set_instance_assignment -name CONNECT_TO_SLD_NODE_ENTITY_PORT acq_data_in[156] -to "cpu_top:U_CPU|mem_system:U_MEM_DATA|vram_2puertos:g_vram.U_VRAM|data_a[3]" -section_id auto_signaltap_0
set_instance_assignment -name CONNECT_TO_SLD_NODE_ENTITY_PORT acq_data_in[157] -to "cpu_top:U_CPU|mem_system:U_MEM_DATA|vram_2puertos:g_vram.U_VRAM|data_a[4]" -section_id auto_signaltap_0
set_instance_assignment -name CONNECT_TO_SLD_NODE_ENTITY_PORT acq_data_in[158] -to "cpu_top:U_CPU|mem_system:U_MEM_DATA|vram_2puertos:g_vram.U_VRAM|data_a[5]" -section_id auto_signaltap_0
set_instance_assignment -name CONNECT_TO_SLD_NODE_ENTITY_PORT acq_data_in[159] -to "cpu_top:U_CPU|mem_system:U_MEM_DATA|vram_2puertos:g_vram.U_VRAM|data_a[6]" -section_id auto_signaltap_0
set_instance_assignment -name CONNECT_TO_SLD_NODE_ENTITY_PORT acq_data_in[160] -to "cpu_top:U_CPU|mem_system:U_MEM_DATA|vram_2puertos:g_vram.U_VRAM|data_a[7]" -section_id auto_signaltap_0
set_instance_assignment -name CONNECT_TO_SLD_NODE_ENTITY_PORT acq_data_in[161] -to "cpu_top:U_CPU|mem_system:U_MEM_DATA|vram_2puertos:g_vram.U_VRAM|data_a[8]" -section_id auto_signaltap_0
set_instance_assignment -name CONNECT_TO_SLD_NODE_ENTITY_PORT acq_data_in[162] -to "cpu_top:U_CPU|mem_system:U_MEM_DATA|vram_2puertos:g_vram.U_VRAM|data_a[9]" -section_id auto_signaltap_0
set_instance_assignment -name CONNECT_TO_SLD_NODE_ENTITY_PORT acq_data_in[163] -to "cpu_top:U_CPU|mem_system:U_MEM_DATA|vram_we" -section_id auto_signaltap_0
set_instance_assignment -name CONNECT_TO_SLD_NODE_ENTITY_PORT acq_data_in[164] -to "cpu_top:U_CPU|mem_system:U_MEM_DATA|write_data[0]" -section_id auto_signaltap_0
set_instance_assignment -name CONNECT_TO_SLD_NODE_ENTITY_PORT acq_data_in[165] -to "cpu_top:U_CPU|mem_system:U_MEM_DATA|write_data[10]" -section_id auto_signaltap_0
set_instance_assignment -name CONNECT_TO_SLD_NODE_ENTITY_PORT acq_data_in[166] -to "cpu_top:U_CPU|mem_system:U_MEM_DATA|write_data[11]" -section_id auto_signaltap_0
set_instance_assignment -name CONNECT_TO_SLD_NODE_ENTITY_PORT acq_data_in[167] -to "cpu_top:U_CPU|mem_system:U_MEM_DATA|write_data[12]" -section_id auto_signaltap_0
set_instance_assignment -name CONNECT_TO_SLD_NODE_ENTITY_PORT acq_data_in[168] -to "cpu_top:U_CPU|mem_system:U_MEM_DATA|write_data[13]" -section_id auto_signaltap_0
set_instance_assignment -name CONNECT_TO_SLD_NODE_ENTITY_PORT acq_data_in[169] -to "cpu_top:U_CPU|mem_system:U_MEM_DATA|write_data[14]" -section_id auto_signaltap_0
set_instance_assignment -name CONNECT_TO_SLD_NODE_ENTITY_PORT acq_data_in[170] -to "cpu_top:U_CPU|mem_system:U_MEM_DATA|write_data[15]" -section_id auto_signaltap_0
set_instance_assignment -name CONNECT_TO_SLD_NODE_ENTITY_PORT acq_data_in[171] -to "cpu_top:U_CPU|mem_system:U_MEM_DATA|write_data[16]" -section_id auto_signaltap_0
set_instance_assignment -name CONNECT_TO_SLD_NODE_ENTITY_PORT acq_data_in[172] -to "cpu_top:U_CPU|mem_system:U_MEM_DATA|write_data[17]" -section_id auto_signaltap_0
set_instance_assignment -name CONNECT_TO_SLD_NODE_ENTITY_PORT acq_data_in[173] -to "cpu_top:U_CPU|mem_system:U_MEM_DATA|write_data[18]" -section_id auto_signaltap_0
set_instance_assignment -name CONNECT_TO_SLD_NODE_ENTITY_PORT acq_data_in[174] -to "cpu_top:U_CPU|mem_system:U_MEM_DATA|write_data[19]" -section_id auto_signaltap_0
set_instance_assignment -name CONNECT_TO_SLD_NODE_ENTITY_PORT acq_data_in[175] -to "cpu_top:U_CPU|mem_system:U_MEM_DATA|write_data[1]" -section_id auto_signaltap_0
set_instance_assignment -name CONNECT_TO_SLD_NODE_ENTITY_PORT acq_data_in[176] -to "cpu_top:U_CPU|mem_system:U_MEM_DATA|write_data[20]" -section_id auto_signaltap_0
set_instance_assignment -name CONNECT_TO_SLD_NODE_ENTITY_PORT acq_data_in[177] -to "cpu_top:U_CPU|mem_system:U_MEM_DATA|write_data[21]" -section_id auto_signaltap_0
set_instance_assignment -name CONNECT_TO_SLD_NODE_ENTITY_PORT acq_data_in[178] -to "cpu_top:U_CPU|mem_system:U_MEM_DATA|write_data[22]" -section_id auto_signaltap_0
set_instance_assignment -name CONNECT_TO_SLD_NODE_ENTITY_PORT acq_data_in[179] -to "cpu_top:U_CPU|mem_system:U_MEM_DATA|write_data[23]" -section_id auto_signaltap_0
set_instance_assignment -name CONNECT_TO_SLD_NODE_ENTITY_PORT acq_data_in[180] -to "cpu_top:U_CPU|mem_system:U_MEM_DATA|write_data[24]" -section_id auto_signaltap_0
set_instance_assignment -name CONNECT_TO_SLD_NODE_ENTITY_PORT acq_data_in[181] -to "cpu_top:U_CPU|mem_system:U_MEM_DATA|write_data[25]" -section_id auto_signaltap_0
set_instance_assignment -name CONNECT_TO_SLD_NODE_ENTITY_PORT acq_data_in[182] -to "cpu_top:U_CPU|mem_system:U_MEM_DATA|write_data[26]" -section_id auto_signaltap_0
set_instance_assignment -name CONNECT_TO_SLD_NODE_ENTITY_PORT acq_data_in[183] -to "cpu_top:U_CPU|mem_system:U_MEM_DATA|write_data[27]" -section_id auto_signaltap_0
set_instance_assignment -name CONNECT_TO_SLD_NODE_ENTITY_PORT acq_data_in[184] -to "cpu_top:U_CPU|mem_system:U_MEM_DATA|write_data[28]" -section_id auto_signaltap_0
set_instance_assignment -name CONNECT_TO_SLD_NODE_ENTITY_PORT acq_data_in[185] -to "cpu_top:U_CPU|mem_system:U_MEM_DATA|write_data[29]" -section_id auto_signaltap_0
set_instance_assignment -name CONNECT_TO_SLD_NODE_ENTITY_PORT acq_data_in[186] -to "cpu_top:U_CPU|mem_system:U_MEM_DATA|write_data[2]" -section_id auto_signaltap_0
set_instance_assignment -name CONNECT_TO_SLD_NODE_ENTITY_PORT acq_data_in[187] -to "cpu_top:U_CPU|mem_system:U_MEM_DATA|write_data[30]" -section_id auto_signaltap_0
set_instance_assignment -name CONNECT_TO_SLD_NODE_ENTITY_PORT acq_data_in[188] -to "cpu_top:U_CPU|mem_system:U_MEM_DATA|write_data[31]" -section_id auto_signaltap_0
set_instance_assignment -name CONNECT_TO_SLD_NODE_ENTITY_PORT acq_data_in[189] -to "cpu_top:U_CPU|mem_system:U_MEM_DATA|write_data[3]" -section_id auto_signaltap_0
set_instance_assignment -name CONNECT_TO_SLD_NODE_ENTITY_PORT acq_data_in[190] -to "cpu_top:U_CPU|mem_system:U_MEM_DATA|write_data[4]" -section_id auto_signaltap_0
set_instance_assignment -name CONNECT_TO_SLD_NODE_ENTITY_PORT acq_data_in[191] -to "cpu_top:U_CPU|mem_system:U_MEM_DATA|write_data[5]" -section_id auto_signaltap_0
set_instance_assignment -name CONNECT_TO_SLD_NODE_ENTITY_PORT acq_data_in[192] -to "cpu_top:U_CPU|mem_system:U_MEM_DATA|write_data[6]" -section_id auto_signaltap_0
set_instance_assignment -name CONNECT_TO_SLD_NODE_ENTITY_PORT acq_data_in[193] -to "cpu_top:U_CPU|mem_system:U_MEM_DATA|write_data[7]" -section_id auto_signaltap_0
set_instance_assignment -name CONNECT_TO_SLD_NODE_ENTITY_PORT acq_data_in[194] -to "cpu_top:U_CPU|mem_system:U_MEM_DATA|write_data[8]" -section_id auto_signaltap_0
set_instance_assignment -name CONNECT_TO_SLD_NODE_ENTITY_PORT acq_data_in[195] -to "cpu_top:U_CPU|mem_system:U_MEM_DATA|write_data[9]" -section_id auto_signaltap_0
set_instance_assignment -name CONNECT_TO_SLD_NODE_ENTITY_PORT acq_data_in[196] -to "cpu_top:U_CPU|ps2_receiver:U_PS2_RECEIVER|error" -section_id auto_signaltap_0
set_instance_assignment -name CONNECT_TO_SLD_NODE_ENTITY_PORT acq_data_in[197] -to "cpu_top:U_CPU|ps2_receiver:U_PS2_RECEIVER|scancode[0]~reg0" -section_id auto_signaltap_0
set_instance_assignment -name CONNECT_TO_SLD_NODE_ENTITY_PORT acq_data_in[198] -to "cpu_top:U_CPU|ps2_receiver:U_PS2_RECEIVER|scancode[1]~reg0" -section_id auto_signaltap_0
set_instance_assignment -name CONNECT_TO_SLD_NODE_ENTITY_PORT acq_data_in[199] -to "cpu_top:U_CPU|ps2_receiver:U_PS2_RECEIVER|scancode[2]~reg0" -section_id auto_signaltap_0
set_instance_assignment -name CONNECT_TO_SLD_NODE_ENTITY_PORT acq_data_in[200] -to "cpu_top:U_CPU|ps2_receiver:U_PS2_RECEIVER|scancode[3]~reg0" -section_id auto_signaltap_0
set_instance_assignment -name CONNECT_TO_SLD_NODE_ENTITY_PORT acq_data_in[201] -to "cpu_top:U_CPU|ps2_receiver:U_PS2_RECEIVER|scancode[4]~reg0" -section_id auto_signaltap_0
set_instance_assignment -name CONNECT_TO_SLD_NODE_ENTITY_PORT acq_data_in[202] -to "cpu_top:U_CPU|ps2_receiver:U_PS2_RECEIVER|scancode[5]~reg0" -section_id auto_signaltap_0
set_instance_assignment -name CONNECT_TO_SLD_NODE_ENTITY_PORT acq_data_in[203] -to "cpu_top:U_CPU|ps2_receiver:U_PS2_RECEIVER|scancode[6]~reg0" -section_id auto_signaltap_0
set_instance_assignment -name CONNECT_TO_SLD_NODE_ENTITY_PORT acq_data_in[204] -to "cpu_top:U_CPU|ps2_receiver:U_PS2_RECEIVER|scancode[7]~reg0" -section_id auto_signaltap_0
set_instance_assignment -name CONNECT_TO_SLD_NODE_ENTITY_PORT acq_data_in[205] -to "cpu_top:U_CPU|ps2_receiver:U_PS2_RECEIVER|scancode_ready" -section_id auto_signaltap_0
set_instance_assignment -name CONNECT_TO_SLD_NODE_ENTITY_PORT acq_data_in[206] -to "cpu_top:U_CPU|rf_wd_final[0]" -section_id auto_signaltap_0
set_instance_assignment -name CONNECT_TO_SLD_NODE_ENTITY_PORT acq_data_in[207] -to "cpu_top:U_CPU|rf_wd_final[10]" -section_id auto_signaltap_0
set_instance_assignment -name CONNECT_TO_SLD_NODE_ENTITY_PORT acq_data_in[208] -to "cpu_top:U_CPU|rf_wd_final[11]" -section_id auto_signaltap_0
set_instance_assignment -name CONNECT_TO_SLD_NODE_ENTITY_PORT acq_data_in[209] -to "cpu_top:U_CPU|rf_wd_final[12]" -section_id auto_signaltap_0
set_instance_assignment -name CONNECT_TO_SLD_NODE_ENTITY_PORT acq_data_in[210] -to "cpu_top:U_CPU|rf_wd_final[13]" -section_id auto_signaltap_0
set_instance_assignment -name CONNECT_TO_SLD_NODE_ENTITY_PORT acq_data_in[211] -to "cpu_top:U_CPU|rf_wd_final[14]" -section_id auto_signaltap_0
set_instance_assignment -name CONNECT_TO_SLD_NODE_ENTITY_PORT acq_data_in[212] -to "cpu_top:U_CPU|rf_wd_final[15]" -section_id auto_signaltap_0
set_instance_assignment -name CONNECT_TO_SLD_NODE_ENTITY_PORT acq_data_in[213] -to "cpu_top:U_CPU|rf_wd_final[16]" -section_id auto_signaltap_0
set_instance_assignment -name CONNECT_TO_SLD_NODE_ENTITY_PORT acq_data_in[214] -to "cpu_top:U_CPU|rf_wd_final[17]" -section_id auto_signaltap_0
set_instance_assignment -name CONNECT_TO_SLD_NODE_ENTITY_PORT acq_data_in[215] -to "cpu_top:U_CPU|rf_wd_final[18]" -section_id auto_signaltap_0
set_instance_assignment -name CONNECT_TO_SLD_NODE_ENTITY_PORT acq_data_in[216] -to "cpu_top:U_CPU|rf_wd_final[19]" -section_id auto_signaltap_0
set_instance_assignment -name CONNECT_TO_SLD_NODE_ENTITY_PORT acq_data_in[217] -to "cpu_top:U_CPU|rf_wd_final[1]" -section_id auto_signaltap_0
set_instance_assignment -name CONNECT_TO_SLD_NODE_ENTITY_PORT acq_data_in[218] -to "cpu_top:U_CPU|rf_wd_final[20]" -section_id auto_signaltap_0
set_instance_assignment -name CONNECT_TO_SLD_NODE_ENTITY_PORT acq_data_in[219] -to "cpu_top:U_CPU|rf_wd_final[21]" -section_id auto_signaltap_0
set_instance_assignment -name CONNECT_TO_SLD_NODE_ENTITY_PORT acq_data_in[220] -to "cpu_top:U_CPU|rf_wd_final[22]" -section_id auto_signaltap_0
set_instance_assignment -name CONNECT_TO_SLD_NODE_ENTITY_PORT acq_data_in[221] -to "cpu_top:U_CPU|rf_wd_final[23]" -section_id auto_signaltap_0
set_instance_assignment -name CONNECT_TO_SLD_NODE_ENTITY_PORT acq_data_in[222] -to "cpu_top:U_CPU|rf_wd_final[24]" -section_id auto_signaltap_0
set_instance_assignment -name CONNECT_TO_SLD_NODE_ENTITY_PORT acq_data_in[223] -to "cpu_top:U_CPU|rf_wd_final[25]" -section_id auto_signaltap_0
set_instance_assignment -name CONNECT_TO_SLD_NODE_ENTITY_PORT acq_data_in[224] -to "cpu_top:U_CPU|rf_wd_final[26]" -section_id auto_signaltap_0
set_instance_assignment -name CONNECT_TO_SLD_NODE_ENTITY_PORT acq_data_in[225] -to "cpu_top:U_CPU|rf_wd_final[27]" -section_id auto_signaltap_0
set_instance_assignment -name CONNECT_TO_SLD_NODE_ENTITY_PORT acq_data_in[226] -to "cpu_top:U_CPU|rf_wd_final[28]" -section_id auto_signaltap_0
set_instance_assignment -name CONNECT_TO_SLD_NODE_ENTITY_PORT acq_data_in[227] -to "cpu_top:U_CPU|rf_wd_final[29]" -section_id auto_signaltap_0
set_instance_assignment -name CONNECT_TO_SLD_NODE_ENTITY_PORT acq_data_in[228] -to "cpu_top:U_CPU|rf_wd_final[2]" -section_id auto_signaltap_0
set_instance_assignment -name CONNECT_TO_SLD_NODE_ENTITY_PORT acq_data_in[229] -to "cpu_top:U_CPU|rf_wd_final[30]" -section_id auto_signaltap_0
set_instance_assignment -name CONNECT_TO_SLD_NODE_ENTITY_PORT acq_data_in[230] -to "cpu_top:U_CPU|rf_wd_final[31]" -section_id auto_signaltap_0
set_instance_assignment -name CONNECT_TO_SLD_NODE_ENTITY_PORT acq_data_in[231] -to "cpu_top:U_CPU|rf_wd_final[3]" -section_id auto_signaltap_0
set_instance_assignment -name CONNECT_TO_SLD_NODE_ENTITY_PORT acq_data_in[232] -to "cpu_top:U_CPU|rf_wd_final[4]" -section_id auto_signaltap_0
set_instance_assignment -name CONNECT_TO_SLD_NODE_ENTITY_PORT acq_data_in[233] -to "cpu_top:U_CPU|rf_wd_final[5]" -section_id auto_signaltap_0
set_instance_assignment -name CONNECT_TO_SLD_NODE_ENTITY_PORT acq_data_in[234] -to "cpu_top:U_CPU|rf_wd_final[6]" -section_id auto_signaltap_0
set_instance_assignment -name CONNECT_TO_SLD_NODE_ENTITY_PORT acq_data_in[235] -to "cpu_top:U_CPU|rf_wd_final[7]" -section_id auto_signaltap_0
set_instance_assignment -name CONNECT_TO_SLD_NODE_ENTITY_PORT acq_data_in[236] -to "cpu_top:U_CPU|rf_wd_final[8]" -section_id auto_signaltap_0
set_instance_assignment -name CONNECT_TO_SLD_NODE_ENTITY_PORT acq_data_in[237] -to "cpu_top:U_CPU|rf_wd_final[9]" -section_id auto_signaltap_0
set_global_assignment -name SLD_NODE_PARAMETER_ASSIGNMENT "SLD_DATA_BITS=238" -section_id auto_signaltap_0
set_global_assignment -name SLD_NODE_PARAMETER_ASSIGNMENT "SLD_TRIGGER_BITS=238" -section_id auto_signaltap_0
set_global_assignment -name SLD_NODE_PARAMETER_ASSIGNMENT "SLD_STORAGE_QUALIFIER_BITS=238" -section_id auto_signaltap_0
set_global_assignment -name SLD_NODE_PARAMETER_ASSIGNMENT "SLD_INVERSION_MASK=000000000000000000000000000000000000000000000000000000000000000000000000000000000000000000000000000000000000000000000000000000000000000000000000000000000000000000000000000000000000000000000000000000000000000000000000000000000000000000000000000000000000000000000000000000000000000000000000000000000000000000000000000000000000000000000000000000000000000000000000000000000000000000000000000000000000000000000000000000000000000000000000000000000000000000000000000000000000000000000000000000000000000000000000000000000000000000000000000000000000000000000000000000000000000000000000000000000000000000000000000000000000000000000000000000000000000000000000000000000000000000000000000000000000000000000000000000000000000000000000000000000000000" -section_id auto_signaltap_0
set_global_assignment -name SLD_NODE_PARAMETER_ASSIGNMENT "SLD_INVERSION_MASK_LENGTH=735" -section_id auto_signaltap_0
set_global_assignment -name SLD_NODE_PARAMETER_ASSIGNMENT "SLD_SEGMENT_SIZE=128" -section_id auto_signaltap_0
set_instance_assignment -name POST_FIT_CONNECT_TO_SLD_NODE_ENTITY_PORT crc[5] -to auto_signaltap_0|vcc -section_id auto_signaltap_0
set_instance_assignment -name POST_FIT_CONNECT_TO_SLD_NODE_ENTITY_PORT crc[6] -to auto_signaltap_0|vcc -section_id auto_signaltap_0
set_instance_assignment -name POST_FIT_CONNECT_TO_SLD_NODE_ENTITY_PORT crc[9] -to auto_signaltap_0|vcc -section_id auto_signaltap_0
set_instance_assignment -name POST_FIT_CONNECT_TO_SLD_NODE_ENTITY_PORT crc[12] -to auto_signaltap_0|vcc -section_id auto_signaltap_0
set_instance_assignment -name POST_FIT_CONNECT_TO_SLD_NODE_ENTITY_PORT crc[13] -to auto_signaltap_0|vcc -section_id auto_signaltap_0
set_instance_assignment -name POST_FIT_CONNECT_TO_SLD_NODE_ENTITY_PORT crc[14] -to auto_signaltap_0|gnd -section_id auto_signaltap_0
set_instance_assignment -name POST_FIT_CONNECT_TO_SLD_NODE_ENTITY_PORT crc[17] -to auto_signaltap_0|gnd -section_id auto_signaltap_0
set_instance_assignment -name POST_FIT_CONNECT_TO_SLD_NODE_ENTITY_PORT crc[19] -to auto_signaltap_0|gnd -section_id auto_signaltap_0
set_instance_assignment -name POST_FIT_CONNECT_TO_SLD_NODE_ENTITY_PORT crc[24] -to auto_signaltap_0|gnd -section_id auto_signaltap_0
set_instance_assignment -name POST_FIT_CONNECT_TO_SLD_NODE_ENTITY_PORT crc[26] -to auto_signaltap_0|gnd -section_id auto_signaltap_0
set_instance_assignment -name POST_FIT_CONNECT_TO_SLD_NODE_ENTITY_PORT crc[28] -to auto_signaltap_0|vcc -section_id auto_signaltap_0
set_instance_assignment -name POST_FIT_CONNECT_TO_SLD_NODE_ENTITY_PORT crc[29] -to auto_signaltap_0|vcc -section_id auto_signaltap_0
set_instance_assignment -name POST_FIT_CONNECT_TO_SLD_NODE_ENTITY_PORT crc[30] -to auto_signaltap_0|gnd -section_id auto_signaltap_0
set_instance_assignment -name POST_FIT_CONNECT_TO_SLD_NODE_ENTITY_PORT crc[31] -to auto_signaltap_0|gnd -section_id auto_signaltap_0
set_global_assignment -name SLD_NODE_PARAMETER_ASSIGNMENT "SLD_SAMPLE_DEPTH=128" -section_id auto_signaltap_0
set_global_assignment -name SLD_NODE_PARAMETER_ASSIGNMENT "SLD_RAM_PIPELINE=0" -section_id auto_signaltap_0
set_global_assignment -name TEXT_FILE output_files/fase3_key_vga_auto_signaltap_0.txt
set_instance_assignment -name PARTITION_HIERARCHY root_partition -to | -section_id Top
set_global_assignment -name SLD_FILE db/fase3_key_vga_auto_stripped.stp